// !$*UTF8*$!
{
	archiveVersion = 1;
	classes = {
	};
	objectVersion = 46;
	objects = {

/* Begin PBXBuildFile section */
		D6FED74E195AC1C100AD10E0 /* Foundation.framework in Frameworks */ = {isa = PBXBuildFile; fileRef = D6FED74D195AC1C100AD10E0 /* Foundation.framework */; };
		D6FED750195AC1C100AD10E0 /* CoreGraphics.framework in Frameworks */ = {isa = PBXBuildFile; fileRef = D6FED74F195AC1C100AD10E0 /* CoreGraphics.framework */; };
		D6FED752195AC1C100AD10E0 /* UIKit.framework in Frameworks */ = {isa = PBXBuildFile; fileRef = D6FED751195AC1C100AD10E0 /* UIKit.framework */; };
		D6FED758195AC1C100AD10E0 /* InfoPlist.strings in Resources */ = {isa = PBXBuildFile; fileRef = D6FED756195AC1C100AD10E0 /* InfoPlist.strings */; };
		D6FED75A195AC1C100AD10E0 /* main.m in Sources */ = {isa = PBXBuildFile; fileRef = D6FED759195AC1C100AD10E0 /* main.m */; };
		D6FED75E195AC1C100AD10E0 /* VNAppDelegate.m in Sources */ = {isa = PBXBuildFile; fileRef = D6FED75D195AC1C100AD10E0 /* VNAppDelegate.m */; };
		D6FED761195AC1C100AD10E0 /* Main.storyboard in Resources */ = {isa = PBXBuildFile; fileRef = D6FED75F195AC1C100AD10E0 /* Main.storyboard */; };
		D6FED764195AC1C100AD10E0 /* VNViewController.m in Sources */ = {isa = PBXBuildFile; fileRef = D6FED763195AC1C100AD10E0 /* VNViewController.m */; };
		D6FED766195AC1C100AD10E0 /* Images.xcassets in Resources */ = {isa = PBXBuildFile; fileRef = D6FED765195AC1C100AD10E0 /* Images.xcassets */; };
		D6FED76D195AC1C100AD10E0 /* XCTest.framework in Frameworks */ = {isa = PBXBuildFile; fileRef = D6FED76C195AC1C100AD10E0 /* XCTest.framework */; };
		D6FED76E195AC1C100AD10E0 /* Foundation.framework in Frameworks */ = {isa = PBXBuildFile; fileRef = D6FED74D195AC1C100AD10E0 /* Foundation.framework */; };
		D6FED76F195AC1C100AD10E0 /* UIKit.framework in Frameworks */ = {isa = PBXBuildFile; fileRef = D6FED751195AC1C100AD10E0 /* UIKit.framework */; };
		D6FED777195AC1C100AD10E0 /* InfoPlist.strings in Resources */ = {isa = PBXBuildFile; fileRef = D6FED775195AC1C100AD10E0 /* InfoPlist.strings */; };
		D6FED779195AC1C100AD10E0 /* VideoNewsTests.m in Sources */ = {isa = PBXBuildFile; fileRef = D6FED778195AC1C100AD10E0 /* VideoNewsTests.m */; };
/* End PBXBuildFile section */

/* Begin PBXContainerItemProxy section */
		D6FED770195AC1C100AD10E0 /* PBXContainerItemProxy */ = {
			isa = PBXContainerItemProxy;
			containerPortal = D6FED742195AC1C100AD10E0 /* Project object */;
			proxyType = 1;
			remoteGlobalIDString = D6FED749195AC1C100AD10E0;
			remoteInfo = VideoNews;
		};
/* End PBXContainerItemProxy section */

/* Begin PBXFileReference section */
		D6FED74A195AC1C100AD10E0 /* VideoNews.app */ = {isa = PBXFileReference; explicitFileType = wrapper.application; includeInIndex = 0; path = VideoNews.app; sourceTree = BUILT_PRODUCTS_DIR; };
		D6FED74D195AC1C100AD10E0 /* Foundation.framework */ = {isa = PBXFileReference; lastKnownFileType = wrapper.framework; name = Foundation.framework; path = System/Library/Frameworks/Foundation.framework; sourceTree = SDKROOT; };
		D6FED74F195AC1C100AD10E0 /* CoreGraphics.framework */ = {isa = PBXFileReference; lastKnownFileType = wrapper.framework; name = CoreGraphics.framework; path = System/Library/Frameworks/CoreGraphics.framework; sourceTree = SDKROOT; };
		D6FED751195AC1C100AD10E0 /* UIKit.framework */ = {isa = PBXFileReference; lastKnownFileType = wrapper.framework; name = UIKit.framework; path = System/Library/Frameworks/UIKit.framework; sourceTree = SDKROOT; };
		D6FED755195AC1C100AD10E0 /* VideoNews-Info.plist */ = {isa = PBXFileReference; lastKnownFileType = text.plist.xml; path = "VideoNews-Info.plist"; sourceTree = "<group>"; };
		D6FED757195AC1C100AD10E0 /* en */ = {isa = PBXFileReference; lastKnownFileType = text.plist.strings; name = en; path = en.lproj/InfoPlist.strings; sourceTree = "<group>"; };
		D6FED759195AC1C100AD10E0 /* main.m */ = {isa = PBXFileReference; lastKnownFileType = sourcecode.c.objc; path = main.m; sourceTree = "<group>"; };
		D6FED75B195AC1C100AD10E0 /* VideoNews-Prefix.pch */ = {isa = PBXFileReference; lastKnownFileType = sourcecode.c.h; path = "VideoNews-Prefix.pch"; sourceTree = "<group>"; };
		D6FED75C195AC1C100AD10E0 /* VNAppDelegate.h */ = {isa = PBXFileReference; lastKnownFileType = sourcecode.c.h; path = VNAppDelegate.h; sourceTree = "<group>"; };
		D6FED75D195AC1C100AD10E0 /* VNAppDelegate.m */ = {isa = PBXFileReference; lastKnownFileType = sourcecode.c.objc; path = VNAppDelegate.m; sourceTree = "<group>"; };
		D6FED760195AC1C100AD10E0 /* Base */ = {isa = PBXFileReference; lastKnownFileType = file.storyboard; name = Base; path = Base.lproj/Main.storyboard; sourceTree = "<group>"; };
		D6FED762195AC1C100AD10E0 /* VNViewController.h */ = {isa = PBXFileReference; lastKnownFileType = sourcecode.c.h; path = VNViewController.h; sourceTree = "<group>"; };
		D6FED763195AC1C100AD10E0 /* VNViewController.m */ = {isa = PBXFileReference; lastKnownFileType = sourcecode.c.objc; path = VNViewController.m; sourceTree = "<group>"; };
		D6FED765195AC1C100AD10E0 /* Images.xcassets */ = {isa = PBXFileReference; lastKnownFileType = folder.assetcatalog; path = Images.xcassets; sourceTree = "<group>"; };
		D6FED76B195AC1C100AD10E0 /* VideoNewsTests.xctest */ = {isa = PBXFileReference; explicitFileType = wrapper.cfbundle; includeInIndex = 0; path = VideoNewsTests.xctest; sourceTree = BUILT_PRODUCTS_DIR; };
		D6FED76C195AC1C100AD10E0 /* XCTest.framework */ = {isa = PBXFileReference; lastKnownFileType = wrapper.framework; name = XCTest.framework; path = Library/Frameworks/XCTest.framework; sourceTree = DEVELOPER_DIR; };
		D6FED774195AC1C100AD10E0 /* VideoNewsTests-Info.plist */ = {isa = PBXFileReference; lastKnownFileType = text.plist.xml; path = "VideoNewsTests-Info.plist"; sourceTree = "<group>"; };
		D6FED776195AC1C100AD10E0 /* en */ = {isa = PBXFileReference; lastKnownFileType = text.plist.strings; name = en; path = en.lproj/InfoPlist.strings; sourceTree = "<group>"; };
		D6FED778195AC1C100AD10E0 /* VideoNewsTests.m */ = {isa = PBXFileReference; lastKnownFileType = sourcecode.c.objc; path = VideoNewsTests.m; sourceTree = "<group>"; };
/* End PBXFileReference section */

/* Begin PBXFrameworksBuildPhase section */
		D6FED747195AC1C100AD10E0 /* Frameworks */ = {
			isa = PBXFrameworksBuildPhase;
			buildActionMask = 2147483647;
			files = (
				D6FED750195AC1C100AD10E0 /* CoreGraphics.framework in Frameworks */,
				D6FED752195AC1C100AD10E0 /* UIKit.framework in Frameworks */,
				D6FED74E195AC1C100AD10E0 /* Foundation.framework in Frameworks */,
			);
			runOnlyForDeploymentPostprocessing = 0;
		};
		D6FED768195AC1C100AD10E0 /* Frameworks */ = {
			isa = PBXFrameworksBuildPhase;
			buildActionMask = 2147483647;
			files = (
				D6FED76D195AC1C100AD10E0 /* XCTest.framework in Frameworks */,
				D6FED76F195AC1C100AD10E0 /* UIKit.framework in Frameworks */,
				D6FED76E195AC1C100AD10E0 /* Foundation.framework in Frameworks */,
			);
			runOnlyForDeploymentPostprocessing = 0;
		};
/* End PBXFrameworksBuildPhase section */

/* Begin PBXGroup section */
		D6FED741195AC1C100AD10E0 = {
			isa = PBXGroup;
			children = (
				D6FED753195AC1C100AD10E0 /* VideoNews */,
				D6FED772195AC1C100AD10E0 /* VideoNewsTests */,
				D6FED74C195AC1C100AD10E0 /* Frameworks */,
				D6FED74B195AC1C100AD10E0 /* Products */,
			);
			sourceTree = "<group>";
		};
		D6FED74B195AC1C100AD10E0 /* Products */ = {
			isa = PBXGroup;
			children = (
				D6FED74A195AC1C100AD10E0 /* VideoNews.app */,
				D6FED76B195AC1C100AD10E0 /* VideoNewsTests.xctest */,
			);
			name = Products;
			sourceTree = "<group>";
		};
		D6FED74C195AC1C100AD10E0 /* Frameworks */ = {
			isa = PBXGroup;
			children = (
				D6FED74D195AC1C100AD10E0 /* Foundation.framework */,
				D6FED74F195AC1C100AD10E0 /* CoreGraphics.framework */,
				D6FED751195AC1C100AD10E0 /* UIKit.framework */,
				D6FED76C195AC1C100AD10E0 /* XCTest.framework */,
			);
			name = Frameworks;
			sourceTree = "<group>";
		};
		D6FED753195AC1C100AD10E0 /* VideoNews */ = {
			isa = PBXGroup;
			children = (
				D6FED75C195AC1C100AD10E0 /* VNAppDelegate.h */,
				D6FED75D195AC1C100AD10E0 /* VNAppDelegate.m */,
				D6FED75F195AC1C100AD10E0 /* Main.storyboard */,
				D6FED762195AC1C100AD10E0 /* VNViewController.h */,
				D6FED763195AC1C100AD10E0 /* VNViewController.m */,
				D6FED765195AC1C100AD10E0 /* Images.xcassets */,
				D6FED754195AC1C100AD10E0 /* Supporting Files */,
			);
			path = VideoNews;
			sourceTree = "<group>";
		};
		D6FED754195AC1C100AD10E0 /* Supporting Files */ = {
			isa = PBXGroup;
			children = (
				D6FED755195AC1C100AD10E0 /* VideoNews-Info.plist */,
				D6FED756195AC1C100AD10E0 /* InfoPlist.strings */,
				D6FED759195AC1C100AD10E0 /* main.m */,
				D6FED75B195AC1C100AD10E0 /* VideoNews-Prefix.pch */,
			);
			name = "Supporting Files";
			sourceTree = "<group>";
		};
		D6FED772195AC1C100AD10E0 /* VideoNewsTests */ = {
			isa = PBXGroup;
			children = (
				D6FED778195AC1C100AD10E0 /* VideoNewsTests.m */,
				D6FED773195AC1C100AD10E0 /* Supporting Files */,
			);
			path = VideoNewsTests;
			sourceTree = "<group>";
		};
		D6FED773195AC1C100AD10E0 /* Supporting Files */ = {
			isa = PBXGroup;
			children = (
				D6FED774195AC1C100AD10E0 /* VideoNewsTests-Info.plist */,
				D6FED775195AC1C100AD10E0 /* InfoPlist.strings */,
			);
			name = "Supporting Files";
			sourceTree = "<group>";
		};
/* End PBXGroup section */

/* Begin PBXNativeTarget section */
		D6FED749195AC1C100AD10E0 /* VideoNews */ = {
			isa = PBXNativeTarget;
			buildConfigurationList = D6FED77C195AC1C100AD10E0 /* Build configuration list for PBXNativeTarget "VideoNews" */;
			buildPhases = (
				D6FED746195AC1C100AD10E0 /* Sources */,
				D6FED747195AC1C100AD10E0 /* Frameworks */,
				D6FED748195AC1C100AD10E0 /* Resources */,
			);
			buildRules = (
			);
			dependencies = (
			);
			name = VideoNews;
			productName = VideoNews;
			productReference = D6FED74A195AC1C100AD10E0 /* VideoNews.app */;
			productType = "com.apple.product-type.application";
		};
		D6FED76A195AC1C100AD10E0 /* VideoNewsTests */ = {
			isa = PBXNativeTarget;
			buildConfigurationList = D6FED77F195AC1C200AD10E0 /* Build configuration list for PBXNativeTarget "VideoNewsTests" */;
			buildPhases = (
				D6FED767195AC1C100AD10E0 /* Sources */,
				D6FED768195AC1C100AD10E0 /* Frameworks */,
				D6FED769195AC1C100AD10E0 /* Resources */,
			);
			buildRules = (
			);
			dependencies = (
				D6FED771195AC1C100AD10E0 /* PBXTargetDependency */,
			);
			name = VideoNewsTests;
			productName = VideoNewsTests;
			productReference = D6FED76B195AC1C100AD10E0 /* VideoNewsTests.xctest */;
			productType = "com.apple.product-type.bundle.unit-test";
		};
/* End PBXNativeTarget section */

/* Begin PBXProject section */
		D6FED742195AC1C100AD10E0 /* Project object */ = {
			isa = PBXProject;
			attributes = {
				CLASSPREFIX = VN;
				LastUpgradeCheck = 0510;
				ORGANIZATIONNAME = "Manyu Zhu";
				TargetAttributes = {
					D6FED76A195AC1C100AD10E0 = {
						TestTargetID = D6FED749195AC1C100AD10E0;
					};
				};
			};
			buildConfigurationList = D6FED745195AC1C100AD10E0 /* Build configuration list for PBXProject "VideoNews" */;
			compatibilityVersion = "Xcode 3.2";
			developmentRegion = English;
			hasScannedForEncodings = 0;
			knownRegions = (
				en,
				Base,
			);
			mainGroup = D6FED741195AC1C100AD10E0;
			productRefGroup = D6FED74B195AC1C100AD10E0 /* Products */;
			projectDirPath = "";
			projectRoot = "";
			targets = (
				D6FED749195AC1C100AD10E0 /* VideoNews */,
				D6FED76A195AC1C100AD10E0 /* VideoNewsTests */,
			);
		};
/* End PBXProject section */

/* Begin PBXResourcesBuildPhase section */
		D6FED748195AC1C100AD10E0 /* Resources */ = {
			isa = PBXResourcesBuildPhase;
			buildActionMask = 2147483647;
			files = (
				D6FED766195AC1C100AD10E0 /* Images.xcassets in Resources */,
				D6FED758195AC1C100AD10E0 /* InfoPlist.strings in Resources */,
				D6FED761195AC1C100AD10E0 /* Main.storyboard in Resources */,
			);
			runOnlyForDeploymentPostprocessing = 0;
		};
		D6FED769195AC1C100AD10E0 /* Resources */ = {
			isa = PBXResourcesBuildPhase;
			buildActionMask = 2147483647;
			files = (
				D6FED777195AC1C100AD10E0 /* InfoPlist.strings in Resources */,
			);
			runOnlyForDeploymentPostprocessing = 0;
		};
/* End PBXResourcesBuildPhase section */

/* Begin PBXSourcesBuildPhase section */
		D6FED746195AC1C100AD10E0 /* Sources */ = {
			isa = PBXSourcesBuildPhase;
			buildActionMask = 2147483647;
			files = (
				D6FED75E195AC1C100AD10E0 /* VNAppDelegate.m in Sources */,
				D6FED764195AC1C100AD10E0 /* VNViewController.m in Sources */,
				D6FED75A195AC1C100AD10E0 /* main.m in Sources */,
			);
			runOnlyForDeploymentPostprocessing = 0;
		};
		D6FED767195AC1C100AD10E0 /* Sources */ = {
			isa = PBXSourcesBuildPhase;
			buildActionMask = 2147483647;
			files = (
				D6FED779195AC1C100AD10E0 /* VideoNewsTests.m in Sources */,
			);
			runOnlyForDeploymentPostprocessing = 0;
		};
/* End PBXSourcesBuildPhase section */

/* Begin PBXTargetDependency section */
		D6FED771195AC1C100AD10E0 /* PBXTargetDependency */ = {
			isa = PBXTargetDependency;
			target = D6FED749195AC1C100AD10E0 /* VideoNews */;
			targetProxy = D6FED770195AC1C100AD10E0 /* PBXContainerItemProxy */;
		};
/* End PBXTargetDependency section */

/* Begin PBXVariantGroup section */
		D6FED756195AC1C100AD10E0 /* InfoPlist.strings */ = {
			isa = PBXVariantGroup;
			children = (
				D6FED757195AC1C100AD10E0 /* en */,
			);
			name = InfoPlist.strings;
			sourceTree = "<group>";
		};
		D6FED75F195AC1C100AD10E0 /* Main.storyboard */ = {
			isa = PBXVariantGroup;
			children = (
				D6FED760195AC1C100AD10E0 /* Base */,
			);
			name = Main.storyboard;
			sourceTree = "<group>";
		};
		D6FED775195AC1C100AD10E0 /* InfoPlist.strings */ = {
			isa = PBXVariantGroup;
			children = (
				D6FED776195AC1C100AD10E0 /* en */,
			);
			name = InfoPlist.strings;
			sourceTree = "<group>";
		};
/* End PBXVariantGroup section */

/* Begin XCBuildConfiguration section */
		D6FED77A195AC1C100AD10E0 /* Debug */ = {
			isa = XCBuildConfiguration;
			buildSettings = {
				ALWAYS_SEARCH_USER_PATHS = NO;
				CLANG_CXX_LANGUAGE_STANDARD = "gnu++0x";
				CLANG_CXX_LIBRARY = "libc++";
				CLANG_ENABLE_MODULES = YES;
				CLANG_ENABLE_OBJC_ARC = YES;
				CLANG_WARN_BOOL_CONVERSION = YES;
				CLANG_WARN_CONSTANT_CONVERSION = YES;
				CLANG_WARN_DIRECT_OBJC_ISA_USAGE = YES_ERROR;
				CLANG_WARN_EMPTY_BODY = YES;
				CLANG_WARN_ENUM_CONVERSION = YES;
				CLANG_WARN_INT_CONVERSION = YES;
				CLANG_WARN_OBJC_ROOT_CLASS = YES_ERROR;
				CLANG_WARN__DUPLICATE_METHOD_MATCH = YES;
				"CODE_SIGN_IDENTITY[sdk=iphoneos*]" = "iPhone Developer";
				COPY_PHASE_STRIP = NO;
				GCC_C_LANGUAGE_STANDARD = gnu99;
				GCC_DYNAMIC_NO_PIC = NO;
				GCC_OPTIMIZATION_LEVEL = 0;
				GCC_PREPROCESSOR_DEFINITIONS = (
					"DEBUG=1",
					"$(inherited)",
				);
				GCC_SYMBOLS_PRIVATE_EXTERN = NO;
				GCC_WARN_64_TO_32_BIT_CONVERSION = YES;
				GCC_WARN_ABOUT_RETURN_TYPE = YES_ERROR;
				GCC_WARN_UNDECLARED_SELECTOR = YES;
				GCC_WARN_UNINITIALIZED_AUTOS = YES_AGGRESSIVE;
				GCC_WARN_UNUSED_FUNCTION = YES;
				GCC_WARN_UNUSED_VARIABLE = YES;
				IPHONEOS_DEPLOYMENT_TARGET = 7.1;
				ONLY_ACTIVE_ARCH = YES;
				SDKROOT = iphoneos;
			};
			name = Debug;
		};
		D6FED77B195AC1C100AD10E0 /* Release */ = {
			isa = XCBuildConfiguration;
			buildSettings = {
				ALWAYS_SEARCH_USER_PATHS = NO;
				CLANG_CXX_LANGUAGE_STANDARD = "gnu++0x";
				CLANG_CXX_LIBRARY = "libc++";
				CLANG_ENABLE_MODULES = YES;
				CLANG_ENABLE_OBJC_ARC = YES;
				CLANG_WARN_BOOL_CONVERSION = YES;
				CLANG_WARN_CONSTANT_CONVERSION = YES;
				CLANG_WARN_DIRECT_OBJC_ISA_USAGE = YES_ERROR;
				CLANG_WARN_EMPTY_BODY = YES;
				CLANG_WARN_ENUM_CONVERSION = YES;
				CLANG_WARN_INT_CONVERSION = YES;
				CLANG_WARN_OBJC_ROOT_CLASS = YES_ERROR;
				CLANG_WARN__DUPLICATE_METHOD_MATCH = YES;
				"CODE_SIGN_IDENTITY[sdk=iphoneos*]" = "iPhone Developer";
				COPY_PHASE_STRIP = YES;
				ENABLE_NS_ASSERTIONS = NO;
				GCC_C_LANGUAGE_STANDARD = gnu99;
				GCC_WARN_64_TO_32_BIT_CONVERSION = YES;
				GCC_WARN_ABOUT_RETURN_TYPE = YES_ERROR;
				GCC_WARN_UNDECLARED_SELECTOR = YES;
				GCC_WARN_UNINITIALIZED_AUTOS = YES_AGGRESSIVE;
				GCC_WARN_UNUSED_FUNCTION = YES;
				GCC_WARN_UNUSED_VARIABLE = YES;
				IPHONEOS_DEPLOYMENT_TARGET = 7.1;
				SDKROOT = iphoneos;
				VALIDATE_PRODUCT = YES;
			};
			name = Release;
		};
		D6FED77D195AC1C100AD10E0 /* Debug */ = {
			isa = XCBuildConfiguration;
			buildSettings = {
				ASSETCATALOG_COMPILER_APPICON_NAME = AppIcon;
				ASSETCATALOG_COMPILER_LAUNCHIMAGE_NAME = LaunchImage;
				GCC_PRECOMPILE_PREFIX_HEADER = YES;
				GCC_PREFIX_HEADER = "VideoNews/VideoNews-Prefix.pch";
				INFOPLIST_FILE = "VideoNews/VideoNews-Info.plist";
				PRODUCT_NAME = "$(TARGET_NAME)";
				WRAPPER_EXTENSION = app;
			};
			name = Debug;
		};
		D6FED77E195AC1C100AD10E0 /* Release */ = {
			isa = XCBuildConfiguration;
			buildSettings = {
				ASSETCATALOG_COMPILER_APPICON_NAME = AppIcon;
				ASSETCATALOG_COMPILER_LAUNCHIMAGE_NAME = LaunchImage;
				GCC_PRECOMPILE_PREFIX_HEADER = YES;
				GCC_PREFIX_HEADER = "VideoNews/VideoNews-Prefix.pch";
				INFOPLIST_FILE = "VideoNews/VideoNews-Info.plist";
				PRODUCT_NAME = "$(TARGET_NAME)";
				WRAPPER_EXTENSION = app;
			};
			name = Release;
		};
		D6FED780195AC1C200AD10E0 /* Debug */ = {
			isa = XCBuildConfiguration;
			buildSettings = {
				BUNDLE_LOADER = "$(BUILT_PRODUCTS_DIR)/VideoNews.app/VideoNews";
				FRAMEWORK_SEARCH_PATHS = (
					"$(SDKROOT)/Developer/Library/Frameworks",
					"$(inherited)",
					"$(DEVELOPER_FRAMEWORKS_DIR)",
				);
				GCC_PRECOMPILE_PREFIX_HEADER = YES;
				GCC_PREFIX_HEADER = "VideoNews/VideoNews-Prefix.pch";
				GCC_PREPROCESSOR_DEFINITIONS = (
					"DEBUG=1",
					"$(inherited)",
				);
				INFOPLIST_FILE = "VideoNewsTests/VideoNewsTests-Info.plist";
				PRODUCT_NAME = "$(TARGET_NAME)";
				TEST_HOST = "$(BUNDLE_LOADER)";
				WRAPPER_EXTENSION = xctest;
			};
			name = Debug;
		};
		D6FED781195AC1C200AD10E0 /* Release */ = {
			isa = XCBuildConfiguration;
			buildSettings = {
				BUNDLE_LOADER = "$(BUILT_PRODUCTS_DIR)/VideoNews.app/VideoNews";
				FRAMEWORK_SEARCH_PATHS = (
					"$(SDKROOT)/Developer/Library/Frameworks",
					"$(inherited)",
					"$(DEVELOPER_FRAMEWORKS_DIR)",
				);
				GCC_PRECOMPILE_PREFIX_HEADER = YES;
				GCC_PREFIX_HEADER = "VideoNews/VideoNews-Prefix.pch";
				INFOPLIST_FILE = "VideoNewsTests/VideoNewsTests-Info.plist";
				PRODUCT_NAME = "$(TARGET_NAME)";
				TEST_HOST = "$(BUNDLE_LOADER)";
				WRAPPER_EXTENSION = xctest;
			};
			name = Release;
		};
/* End XCBuildConfiguration section */

/* Begin XCConfigurationList section */
		D6FED745195AC1C100AD10E0 /* Build configuration list for PBXProject "VideoNews" */ = {
			isa = XCConfigurationList;
			buildConfigurations = (
				D6FED77A195AC1C100AD10E0 /* Debug */,
				D6FED77B195AC1C100AD10E0 /* Release */,
			);
			defaultConfigurationIsVisible = 0;
			defaultConfigurationName = Release;
		};
		D6FED77C195AC1C100AD10E0 /* Build configuration list for PBXNativeTarget "VideoNews" */ = {
			isa = XCConfigurationList;
			buildConfigurations = (
				D6FED77D195AC1C100AD10E0 /* Debug */,
				D6FED77E195AC1C100AD10E0 /* Release */,
			);
			defaultConfigurationIsVisible = 0;
		};
		D6FED77F195AC1C200AD10E0 /* Build configuration list for PBXNativeTarget "VideoNewsTests" */ = {
			isa = XCConfigurationList;
			buildConfigurations = (
				D6FED780195AC1C200AD10E0 /* Debug */,
				D6FED781195AC1C200AD10E0 /* Release */,
			);
			defaultConfigurationIsVisible = 0;
		};
/* End XCConfigurationList section */
	};
	rootObject = D6FED742195AC1C100AD10E0 /* Project object */;
}
