// !$*UTF8*$!
{
	archiveVersion = 1;
	classes = {
	};
	objectVersion = 46;
	objects = {

/* Begin PBXBuildFile section */
		02F297BE7E804D8DA6632605 /* libPods-VideoNews.a in Frameworks */ = {isa = PBXBuildFile; fileRef = E00FF5A8750C4FA0814704DC /* libPods-VideoNews.a */; };
		1433433F197B83A600F48022 /* VNVideoCoverSettingController.m in Sources */ = {isa = PBXBuildFile; fileRef = 1433433E197B83A600F48022 /* VNVideoCoverSettingController.m */; };
		14334348197B99AD00F48022 /* VNAVPlayerPlayView.m in Sources */ = {isa = PBXBuildFile; fileRef = 14334347197B99AD00F48022 /* VNAVPlayerPlayView.m */; };
		1433434F197C061200F48022 /* VNVideoFramesView.m in Sources */ = {isa = PBXBuildFile; fileRef = 1433434E197C061200F48022 /* VNVideoFramesView.m */; };
		14747CF4197FDD6E0059A68C /* VNProgressViewForAlbum.m in Sources */ = {isa = PBXBuildFile; fileRef = 14747CF3197FDD6E0059A68C /* VNProgressViewForAlbum.m */; };
		147F9873197F8D98002A1177 /* VNDraftListController.m in Sources */ = {isa = PBXBuildFile; fileRef = 147F9872197F8D98002A1177 /* VNDraftListController.m */; };
		147F9876197FA912002A1177 /* VNAlbumVideoEditController.m in Sources */ = {isa = PBXBuildFile; fileRef = 147F9875197FA912002A1177 /* VNAlbumVideoEditController.m */; };
		149D9121197E3AE000DF4346 /* VNProgressView.m in Sources */ = {isa = PBXBuildFile; fileRef = 149D9120197E3AE000DF4346 /* VNProgressView.m */; };
		149D9124197E3E4500DF4346 /* VNVideoCaptureViewController.m in Sources */ = {isa = PBXBuildFile; fileRef = 149D9123197E3E4500DF4346 /* VNVideoCaptureViewController.m */; };
		149D9127197E53FD00DF4346 /* VNCustomizedAlbumPickerController.m in Sources */ = {isa = PBXBuildFile; fileRef = 149D9126197E53FD00DF4346 /* VNCustomizedAlbumPickerController.m */; };
		14E5529E197CD96500512C81 /* VNCustomizedActionSheet.m in Sources */ = {isa = PBXBuildFile; fileRef = 14E5529D197CD96500512C81 /* VNCustomizedActionSheet.m */; };
		14E552A1197CDB0A00512C81 /* UIImageView+LBBlurredImage.m in Sources */ = {isa = PBXBuildFile; fileRef = 14E552A0197CDB0A00512C81 /* UIImageView+LBBlurredImage.m */; };
		14FBC6F2197777D200A911DC /* VNCameraOverlayView.m in Sources */ = {isa = PBXBuildFile; fileRef = 14FBC6F1197777D200A911DC /* VNCameraOverlayView.m */; };
		26962048196E4AF600EA06B3 /* VNMessage.m in Sources */ = {isa = PBXBuildFile; fileRef = 26962047196E4AF600EA06B3 /* VNMessage.m */; };
		2696204C196E75DF00EA06B3 /* VNNotificationViewController.m in Sources */ = {isa = PBXBuildFile; fileRef = 2696204B196E75DF00EA06B3 /* VNNotificationViewController.m */; };
		269755C5197061BD005DEDEE /* VNUserViewController.m in Sources */ = {isa = PBXBuildFile; fileRef = 269755C4197061BD005DEDEE /* VNUserViewController.m */; };
		269755C919710E75005DEDEE /* VNNotificationReplyTableViewCell.m in Sources */ = {isa = PBXBuildFile; fileRef = 269755C719710E75005DEDEE /* VNNotificationReplyTableViewCell.m */; };
		269755CA19710E75005DEDEE /* VNNotificationReplyTableViewCell.xib in Resources */ = {isa = PBXBuildFile; fileRef = 269755C819710E75005DEDEE /* VNNotificationReplyTableViewCell.xib */; };
		269755CE19712580005DEDEE /* VNNotificationUserTableViewCell.m in Sources */ = {isa = PBXBuildFile; fileRef = 269755CC19712580005DEDEE /* VNNotificationUserTableViewCell.m */; };
		269755CF19712580005DEDEE /* VNNotificationUserTableViewCell.xib in Resources */ = {isa = PBXBuildFile; fileRef = 269755CD19712580005DEDEE /* VNNotificationUserTableViewCell.xib */; };
		269B0827197DF96400CF4ADC /* OSSClient.m in Sources */ = {isa = PBXBuildFile; fileRef = 269B0826197DF96400CF4ADC /* OSSClient.m */; };
		D64296C51964FB05004E218C /* VNResultViewController.m in Sources */ = {isa = PBXBuildFile; fileRef = D64296C41964FB05004E218C /* VNResultViewController.m */; };
		D64296C819652AC4004E218C /* VNCacheDataManager.m in Sources */ = {isa = PBXBuildFile; fileRef = D64296C719652AC4004E218C /* VNCacheDataManager.m */; };
		D64296CB19652FB6004E218C /* VNSearchField.m in Sources */ = {isa = PBXBuildFile; fileRef = D64296CA19652FB6004E218C /* VNSearchField.m */; };
		D64296CE19653A27004E218C /* VNSearchWordViewController.m in Sources */ = {isa = PBXBuildFile; fileRef = D64296CD19653A27004E218C /* VNSearchWordViewController.m */; };
		D64296D119653E51004E218C /* VNSearchTabHeaderView.m in Sources */ = {isa = PBXBuildFile; fileRef = D64296D019653E51004E218C /* VNSearchTabHeaderView.m */; };
		D64296D319653E62004E218C /* VNSearchTabHeaderView.xib in Resources */ = {isa = PBXBuildFile; fileRef = D64296D219653E62004E218C /* VNSearchTabHeaderView.xib */; };
		D64296D719654C5B004E218C /* VNSearchResultTableViewCell.m in Sources */ = {isa = PBXBuildFile; fileRef = D64296D519654C5B004E218C /* VNSearchResultTableViewCell.m */; };
		D64296D819654C5C004E218C /* VNSearchResultTableViewCell.xib in Resources */ = {isa = PBXBuildFile; fileRef = D64296D619654C5B004E218C /* VNSearchResultTableViewCell.xib */; };
		D642970819668EE4004E218C /* libMobClickLibrary.a in Frameworks */ = {isa = PBXBuildFile; fileRef = D64296DB19668EE4004E218C /* libMobClickLibrary.a */; };
		D642970919668EE4004E218C /* libUMFeedback.a in Frameworks */ = {isa = PBXBuildFile; fileRef = D64296DE19668EE4004E218C /* libUMFeedback.a */; };
		D642970A19668EE4004E218C /* umFeedback.bundle in Resources */ = {isa = PBXBuildFile; fileRef = D64296DF19668EE4004E218C /* umFeedback.bundle */; };
		D642970B19668EE4004E218C /* UMSocialLocalizable.strings in Resources */ = {isa = PBXBuildFile; fileRef = D64296E219668EE4004E218C /* UMSocialLocalizable.strings */; };
		D642970C19668EE4004E218C /* libUMSocial_Sdk_3.3.8.a in Frameworks */ = {isa = PBXBuildFile; fileRef = D64296F019668EE4004E218C /* libUMSocial_Sdk_3.3.8.a */; };
		D642970D19668EE4004E218C /* UMSCommentDetailController.xib in Resources */ = {isa = PBXBuildFile; fileRef = D64296F219668EE4004E218C /* UMSCommentDetailController.xib */; };
		D642970E19668EE4004E218C /* UMSCommentInputController.xib in Resources */ = {isa = PBXBuildFile; fileRef = D64296F319668EE4004E218C /* UMSCommentInputController.xib */; };
		D642970F19668EE4004E218C /* UMSCommentInputControlleriPad.xib in Resources */ = {isa = PBXBuildFile; fileRef = D64296F419668EE4004E218C /* UMSCommentInputControlleriPad.xib */; };
		D642971019668EE4004E218C /* UMShareEditViewController.xib in Resources */ = {isa = PBXBuildFile; fileRef = D64296F519668EE4004E218C /* UMShareEditViewController.xib */; };
		D642971119668EE4004E218C /* UMShareEditViewControlleriPad.xib in Resources */ = {isa = PBXBuildFile; fileRef = D64296F619668EE4004E218C /* UMShareEditViewControlleriPad.xib */; };
		D642971219668EE4004E218C /* UMSLoginViewController.xib in Resources */ = {isa = PBXBuildFile; fileRef = D64296F719668EE4004E218C /* UMSLoginViewController.xib */; };
		D642971319668EE4004E218C /* UMSnsAccountViewController.xib in Resources */ = {isa = PBXBuildFile; fileRef = D64296F819668EE4004E218C /* UMSnsAccountViewController.xib */; };
		D642971419668EE4004E218C /* UMSShareListController.xib in Resources */ = {isa = PBXBuildFile; fileRef = D64296F919668EE4004E218C /* UMSShareListController.xib */; };
		D642971519668EE4004E218C /* UMSocialSDKResourcesNew.bundle in Resources */ = {isa = PBXBuildFile; fileRef = D64296FA19668EE4004E218C /* UMSocialSDKResourcesNew.bundle */; };
		D642971619668EE4004E218C /* libSocialQQ.a in Frameworks */ = {isa = PBXBuildFile; fileRef = D64296FE19668EE4004E218C /* libSocialQQ.a */; };
		D642971719668EE4004E218C /* TencentOpenAPI.framework in Frameworks */ = {isa = PBXBuildFile; fileRef = D64296FF19668EE4004E218C /* TencentOpenAPI.framework */; };
		D642971819668EE4004E218C /* TencentOpenApi_IOS_Bundle.bundle in Resources */ = {isa = PBXBuildFile; fileRef = D642970019668EE4004E218C /* TencentOpenApi_IOS_Bundle.bundle */; };
		D642971919668EE4004E218C /* libSocialWechat.a in Frameworks */ = {isa = PBXBuildFile; fileRef = D642970319668EE4004E218C /* libSocialWechat.a */; };
		D642971A19668EE4004E218C /* libWeChatSDK.a in Frameworks */ = {isa = PBXBuildFile; fileRef = D642970419668EE4004E218C /* libWeChatSDK.a */; };
		D642971C1966957A004E218C /* Security.framework in Frameworks */ = {isa = PBXBuildFile; fileRef = D642971B1966957A004E218C /* Security.framework */; };
		D642971E19669588004E218C /* libiconv.dylib in Frameworks */ = {isa = PBXBuildFile; fileRef = D642971D19669588004E218C /* libiconv.dylib */; };
		D642972019669593004E218C /* SystemConfiguration.framework in Frameworks */ = {isa = PBXBuildFile; fileRef = D642971F19669593004E218C /* SystemConfiguration.framework */; };
		D6429722196695AC004E218C /* libsqlite3.dylib in Frameworks */ = {isa = PBXBuildFile; fileRef = D6429721196695AC004E218C /* libsqlite3.dylib */; };
		D6429724196695B2004E218C /* CoreTelephony.framework in Frameworks */ = {isa = PBXBuildFile; fileRef = D6429723196695B2004E218C /* CoreTelephony.framework */; };
		D6429726196695BE004E218C /* libstdc++.dylib in Frameworks */ = {isa = PBXBuildFile; fileRef = D6429725196695BE004E218C /* libstdc++.dylib */; };
		D6429728196695C6004E218C /* libz.dylib in Frameworks */ = {isa = PBXBuildFile; fileRef = D6429727196695C6004E218C /* libz.dylib */; };
		D6676F42196A3ADB00F484FE /* VNLoginViewController.m in Sources */ = {isa = PBXBuildFile; fileRef = D6676F41196A3ADB00F484FE /* VNLoginViewController.m */; };
		D6676F53196B799800F484FE /* VNWeixinCodeResponse.m in Sources */ = {isa = PBXBuildFile; fileRef = D6676F52196B799800F484FE /* VNWeixinCodeResponse.m */; };
		D6676F56196B7E0000F484FE /* VNAuthUser.m in Sources */ = {isa = PBXBuildFile; fileRef = D6676F55196B7E0000F484FE /* VNAuthUser.m */; };
		D6676F5C196BC84800F484FE /* ZXRemoteNotification.m in Sources */ = {isa = PBXBuildFile; fileRef = D6676F5B196BC84800F484FE /* ZXRemoteNotification.m */; };
		D6676F68196E81BB00F484FE /* NavigationControllerDelegate.m in Sources */ = {isa = PBXBuildFile; fileRef = D6676F65196E81BB00F484FE /* NavigationControllerDelegate.m */; };
		D6676F69196E81BB00F484FE /* VNUtility.m in Sources */ = {isa = PBXBuildFile; fileRef = D6676F67196E81BB00F484FE /* VNUtility.m */; };
		D6676F6B196E87A500F484FE /* MediaPlayer.framework in Frameworks */ = {isa = PBXBuildFile; fileRef = D6676F6A196E87A500F484FE /* MediaPlayer.framework */; };
		D6676F71196F885100F484FE /* VNUserResultViewController.m in Sources */ = {isa = PBXBuildFile; fileRef = D6676F70196F885100F484FE /* VNUserResultViewController.m */; };
		D6676F74196F940C00F484FE /* VNUserResultCollectionViewCell.m in Sources */ = {isa = PBXBuildFile; fileRef = D6676F73196F940C00F484FE /* VNUserResultCollectionViewCell.m */; };
		D6676F7B197523A900F484FE /* AGEmojiKeyBoardView.m in Sources */ = {isa = PBXBuildFile; fileRef = D6676F77197523A900F484FE /* AGEmojiKeyBoardView.m */; };
		D6676F7C197523A900F484FE /* AGEmojiPageView.m in Sources */ = {isa = PBXBuildFile; fileRef = D6676F79197523A900F484FE /* AGEmojiPageView.m */; };
		D6676F7D197523A900F484FE /* EmojisList.plist in Resources */ = {isa = PBXBuildFile; fileRef = D6676F7A197523A900F484FE /* EmojisList.plist */; };
		D6676F801976AD5C00F484FE /* BMNavigationController.m in Sources */ = {isa = PBXBuildFile; fileRef = D6676F7F1976AD5C00F484FE /* BMNavigationController.m */; };
		D6676F89197806CE00F484FE /* VNProfileViewController.m in Sources */ = {isa = PBXBuildFile; fileRef = D6676F88197806CE00F484FE /* VNProfileViewController.m */; };
		D6676F8C1979114300F484FE /* VNMineProfileViewController.m in Sources */ = {isa = PBXBuildFile; fileRef = D6676F8B1979114300F484FE /* VNMineProfileViewController.m */; };
		D6676F90197916D400F484FE /* VNProfileVideoTableViewCell.m in Sources */ = {isa = PBXBuildFile; fileRef = D6676F8E197916D400F484FE /* VNProfileVideoTableViewCell.m */; };
		D6676F91197916D400F484FE /* VNProfileVideoTableViewCell.xib in Resources */ = {isa = PBXBuildFile; fileRef = D6676F8F197916D400F484FE /* VNProfileVideoTableViewCell.xib */; };
		D6676F95197916F600F484FE /* VNProfileFansTableViewCell.m in Sources */ = {isa = PBXBuildFile; fileRef = D6676F93197916F600F484FE /* VNProfileFansTableViewCell.m */; };
		D6676F96197916F600F484FE /* VNProfileFansTableViewCell.xib in Resources */ = {isa = PBXBuildFile; fileRef = D6676F94197916F600F484FE /* VNProfileFansTableViewCell.xib */; };
		D6676F99197CBACD00F484FE /* VNMineProfileHeaderView.m in Sources */ = {isa = PBXBuildFile; fileRef = D6676F98197CBACD00F484FE /* VNMineProfileHeaderView.m */; };
		D6676F9B197CBADE00F484FE /* VNMineProfileHeaderView.xib in Resources */ = {isa = PBXBuildFile; fileRef = D6676F9A197CBADE00F484FE /* VNMineProfileHeaderView.xib */; };
		D6676F9E197F587F00F484FE /* VNUserProfileHeaderView.m in Sources */ = {isa = PBXBuildFile; fileRef = D6676F9D197F587F00F484FE /* VNUserProfileHeaderView.m */; };
		D6676FA0197F589800F484FE /* VNUserProfileHeaderView.xib in Resources */ = {isa = PBXBuildFile; fileRef = D6676F9F197F589800F484FE /* VNUserProfileHeaderView.xib */; };
		D66F7A4219619EFE00EA72BC /* VNNewsDetailViewController.m in Sources */ = {isa = PBXBuildFile; fileRef = D66F7A4119619EFE00EA72BC /* VNNewsDetailViewController.m */; };
		D66F7A4519619FAF00EA72BC /* VNDetailHeaderView.m in Sources */ = {isa = PBXBuildFile; fileRef = D66F7A4419619FAF00EA72BC /* VNDetailHeaderView.m */; };
		D66F7A4719619FC800EA72BC /* VNDetailHeaderView.xib in Resources */ = {isa = PBXBuildFile; fileRef = D66F7A4619619FC800EA72BC /* VNDetailHeaderView.xib */; };
		D66F7A9E1963D78500EA72BC /* VNComment.m in Sources */ = {isa = PBXBuildFile; fileRef = D66F7A9D1963D78500EA72BC /* VNComment.m */; };
		D68CB4F41980F0D600236517 /* VNProfileDetailViewController.m in Sources */ = {isa = PBXBuildFile; fileRef = D68CB4F31980F0D600236517 /* VNProfileDetailViewController.m */; };
		D68CB4F71981063F00236517 /* VNOriginImgViewController.m in Sources */ = {isa = PBXBuildFile; fileRef = D68CB4F61981063F00236517 /* VNOriginImgViewController.m */; };
		D68CB4FA19822C6300236517 /* VNEditProfileViewController.m in Sources */ = {isa = PBXBuildFile; fileRef = D68CB4F919822C6300236517 /* VNEditProfileViewController.m */; };
		D68CB4FD19823D1700236517 /* VNEditProfileTableViewCell.m in Sources */ = {isa = PBXBuildFile; fileRef = D68CB4FC19823D1700236517 /* VNEditProfileTableViewCell.m */; };
		D68CB5001982503F00236517 /* VNEditContentViewController.m in Sources */ = {isa = PBXBuildFile; fileRef = D68CB4FF1982503F00236517 /* VNEditContentViewController.m */; };
		D6E8589A1963E9FF0055C603 /* VNCommentTableViewCell.m in Sources */ = {isa = PBXBuildFile; fileRef = D6E858981963E9FF0055C603 /* VNCommentTableViewCell.m */; };
		D6E8589B1963E9FF0055C603 /* VNCommentTableViewCell.xib in Resources */ = {isa = PBXBuildFile; fileRef = D6E858991963E9FF0055C603 /* VNCommentTableViewCell.xib */; };
		D6FED74E195AC1C100AD10E0 /* Foundation.framework in Frameworks */ = {isa = PBXBuildFile; fileRef = D6FED74D195AC1C100AD10E0 /* Foundation.framework */; };
		D6FED750195AC1C100AD10E0 /* CoreGraphics.framework in Frameworks */ = {isa = PBXBuildFile; fileRef = D6FED74F195AC1C100AD10E0 /* CoreGraphics.framework */; };
		D6FED752195AC1C100AD10E0 /* UIKit.framework in Frameworks */ = {isa = PBXBuildFile; fileRef = D6FED751195AC1C100AD10E0 /* UIKit.framework */; };
		D6FED758195AC1C100AD10E0 /* InfoPlist.strings in Resources */ = {isa = PBXBuildFile; fileRef = D6FED756195AC1C100AD10E0 /* InfoPlist.strings */; };
		D6FED75A195AC1C100AD10E0 /* main.m in Sources */ = {isa = PBXBuildFile; fileRef = D6FED759195AC1C100AD10E0 /* main.m */; };
		D6FED75E195AC1C100AD10E0 /* VNAppDelegate.m in Sources */ = {isa = PBXBuildFile; fileRef = D6FED75D195AC1C100AD10E0 /* VNAppDelegate.m */; };
		D6FED761195AC1C100AD10E0 /* Main.storyboard in Resources */ = {isa = PBXBuildFile; fileRef = D6FED75F195AC1C100AD10E0 /* Main.storyboard */; };
		D6FED766195AC1C100AD10E0 /* Images.xcassets in Resources */ = {isa = PBXBuildFile; fileRef = D6FED765195AC1C100AD10E0 /* Images.xcassets */; };
		D6FED76D195AC1C100AD10E0 /* XCTest.framework in Frameworks */ = {isa = PBXBuildFile; fileRef = D6FED76C195AC1C100AD10E0 /* XCTest.framework */; };
		D6FED76E195AC1C100AD10E0 /* Foundation.framework in Frameworks */ = {isa = PBXBuildFile; fileRef = D6FED74D195AC1C100AD10E0 /* Foundation.framework */; };
		D6FED76F195AC1C100AD10E0 /* UIKit.framework in Frameworks */ = {isa = PBXBuildFile; fileRef = D6FED751195AC1C100AD10E0 /* UIKit.framework */; };
		D6FED777195AC1C100AD10E0 /* InfoPlist.strings in Resources */ = {isa = PBXBuildFile; fileRef = D6FED775195AC1C100AD10E0 /* InfoPlist.strings */; };
		D6FED779195AC1C100AD10E0 /* VideoNewsTests.m in Sources */ = {isa = PBXBuildFile; fileRef = D6FED778195AC1C100AD10E0 /* VideoNewsTests.m */; };
		D6FED784195BC50000AD10E0 /* VNTabBarViewController.m in Sources */ = {isa = PBXBuildFile; fileRef = D6FED783195BC50000AD10E0 /* VNTabBarViewController.m */; };
		D6FED78B195BFF7D00AD10E0 /* VNHomeViewController.m in Sources */ = {isa = PBXBuildFile; fileRef = D6FED78A195BFF7D00AD10E0 /* VNHomeViewController.m */; };
		D6FED78F195C017500AD10E0 /* VNHTTPRequestManager.m in Sources */ = {isa = PBXBuildFile; fileRef = D6FED78E195C017500AD10E0 /* VNHTTPRequestManager.m */; };
		D6FED792195C030D00AD10E0 /* VNKey.m in Sources */ = {isa = PBXBuildFile; fileRef = D6FED791195C030D00AD10E0 /* VNKey.m */; };
		D6FED796195C07E100AD10E0 /* VNObject.m in Sources */ = {isa = PBXBuildFile; fileRef = D6FED795195C07E100AD10E0 /* VNObject.m */; };
		D6FED799195C08D000AD10E0 /* VNNews.m in Sources */ = {isa = PBXBuildFile; fileRef = D6FED798195C08D000AD10E0 /* VNNews.m */; };
		D6FED79C195C0A6D00AD10E0 /* VNUser.m in Sources */ = {isa = PBXBuildFile; fileRef = D6FED79B195C0A6D00AD10E0 /* VNUser.m */; };
		D6FED79F195C121D00AD10E0 /* VNMedia.m in Sources */ = {isa = PBXBuildFile; fileRef = D6FED79E195C121D00AD10E0 /* VNMedia.m */; };
		D6FED7A2195D1BD400AD10E0 /* VNQuiltViewCell.m in Sources */ = {isa = PBXBuildFile; fileRef = D6FED7A1195D1BD400AD10E0 /* VNQuiltViewCell.m */; };
		D6FED7A7195D5CD600AD10E0 /* VNSearchViewController.m in Sources */ = {isa = PBXBuildFile; fileRef = D6FED7A6195D5CD600AD10E0 /* VNSearchViewController.m */; };
		D6FED7AC195ECD2800AD10E0 /* VNCategoryCollectionViewCell.m in Sources */ = {isa = PBXBuildFile; fileRef = D6FED7AB195ECD2800AD10E0 /* VNCategoryCollectionViewCell.m */; };
		D6FED7B1195ED38D00AD10E0 /* VNCategory.m in Sources */ = {isa = PBXBuildFile; fileRef = D6FED7B0195ED38D00AD10E0 /* VNCategory.m */; };
/* End PBXBuildFile section */

/* Begin PBXContainerItemProxy section */
		D6FED770195AC1C100AD10E0 /* PBXContainerItemProxy */ = {
			isa = PBXContainerItemProxy;
			containerPortal = D6FED742195AC1C100AD10E0 /* Project object */;
			proxyType = 1;
			remoteGlobalIDString = D6FED749195AC1C100AD10E0;
			remoteInfo = VideoNews;
		};
/* End PBXContainerItemProxy section */

/* Begin PBXFileReference section */
		1433433D197B83A600F48022 /* VNVideoCoverSettingController.h */ = {isa = PBXFileReference; fileEncoding = 4; lastKnownFileType = sourcecode.c.h; path = VNVideoCoverSettingController.h; sourceTree = "<group>"; };
		1433433E197B83A600F48022 /* VNVideoCoverSettingController.m */ = {isa = PBXFileReference; fileEncoding = 4; lastKnownFileType = sourcecode.c.objc; path = VNVideoCoverSettingController.m; sourceTree = "<group>"; };
		14334346197B99AD00F48022 /* VNAVPlayerPlayView.h */ = {isa = PBXFileReference; fileEncoding = 4; lastKnownFileType = sourcecode.c.h; path = VNAVPlayerPlayView.h; sourceTree = "<group>"; };
		14334347197B99AD00F48022 /* VNAVPlayerPlayView.m */ = {isa = PBXFileReference; fileEncoding = 4; lastKnownFileType = sourcecode.c.objc; path = VNAVPlayerPlayView.m; sourceTree = "<group>"; };
		1433434D197C061200F48022 /* VNVideoFramesView.h */ = {isa = PBXFileReference; fileEncoding = 4; lastKnownFileType = sourcecode.c.h; path = VNVideoFramesView.h; sourceTree = "<group>"; };
		1433434E197C061200F48022 /* VNVideoFramesView.m */ = {isa = PBXFileReference; fileEncoding = 4; lastKnownFileType = sourcecode.c.objc; path = VNVideoFramesView.m; sourceTree = "<group>"; };
		14747CF2197FDD6E0059A68C /* VNProgressViewForAlbum.h */ = {isa = PBXFileReference; fileEncoding = 4; lastKnownFileType = sourcecode.c.h; path = VNProgressViewForAlbum.h; sourceTree = "<group>"; };
		14747CF3197FDD6E0059A68C /* VNProgressViewForAlbum.m */ = {isa = PBXFileReference; fileEncoding = 4; lastKnownFileType = sourcecode.c.objc; path = VNProgressViewForAlbum.m; sourceTree = "<group>"; };
		147F9871197F8D98002A1177 /* VNDraftListController.h */ = {isa = PBXFileReference; fileEncoding = 4; lastKnownFileType = sourcecode.c.h; path = VNDraftListController.h; sourceTree = "<group>"; };
		147F9872197F8D98002A1177 /* VNDraftListController.m */ = {isa = PBXFileReference; fileEncoding = 4; lastKnownFileType = sourcecode.c.objc; path = VNDraftListController.m; sourceTree = "<group>"; };
		147F9874197FA912002A1177 /* VNAlbumVideoEditController.h */ = {isa = PBXFileReference; fileEncoding = 4; lastKnownFileType = sourcecode.c.h; path = VNAlbumVideoEditController.h; sourceTree = "<group>"; };
		147F9875197FA912002A1177 /* VNAlbumVideoEditController.m */ = {isa = PBXFileReference; fileEncoding = 4; lastKnownFileType = sourcecode.c.objc; path = VNAlbumVideoEditController.m; sourceTree = "<group>"; };
		149D911F197E3AE000DF4346 /* VNProgressView.h */ = {isa = PBXFileReference; fileEncoding = 4; lastKnownFileType = sourcecode.c.h; path = VNProgressView.h; sourceTree = "<group>"; };
		149D9120197E3AE000DF4346 /* VNProgressView.m */ = {isa = PBXFileReference; fileEncoding = 4; lastKnownFileType = sourcecode.c.objc; path = VNProgressView.m; sourceTree = "<group>"; };
		149D9122197E3E4500DF4346 /* VNVideoCaptureViewController.h */ = {isa = PBXFileReference; fileEncoding = 4; lastKnownFileType = sourcecode.c.h; path = VNVideoCaptureViewController.h; sourceTree = "<group>"; };
		149D9123197E3E4500DF4346 /* VNVideoCaptureViewController.m */ = {isa = PBXFileReference; fileEncoding = 4; lastKnownFileType = sourcecode.c.objc; path = VNVideoCaptureViewController.m; sourceTree = "<group>"; };
		149D9125197E53FD00DF4346 /* VNCustomizedAlbumPickerController.h */ = {isa = PBXFileReference; fileEncoding = 4; lastKnownFileType = sourcecode.c.h; path = VNCustomizedAlbumPickerController.h; sourceTree = "<group>"; };
		149D9126197E53FD00DF4346 /* VNCustomizedAlbumPickerController.m */ = {isa = PBXFileReference; fileEncoding = 4; lastKnownFileType = sourcecode.c.objc; path = VNCustomizedAlbumPickerController.m; sourceTree = "<group>"; };
		14E5529C197CD96500512C81 /* VNCustomizedActionSheet.h */ = {isa = PBXFileReference; fileEncoding = 4; lastKnownFileType = sourcecode.c.h; path = VNCustomizedActionSheet.h; sourceTree = "<group>"; };
		14E5529D197CD96500512C81 /* VNCustomizedActionSheet.m */ = {isa = PBXFileReference; fileEncoding = 4; lastKnownFileType = sourcecode.c.objc; path = VNCustomizedActionSheet.m; sourceTree = "<group>"; };
		14E5529F197CDB0A00512C81 /* UIImageView+LBBlurredImage.h */ = {isa = PBXFileReference; fileEncoding = 4; lastKnownFileType = sourcecode.c.h; path = "UIImageView+LBBlurredImage.h"; sourceTree = "<group>"; };
		14E552A0197CDB0A00512C81 /* UIImageView+LBBlurredImage.m */ = {isa = PBXFileReference; fileEncoding = 4; lastKnownFileType = sourcecode.c.objc; path = "UIImageView+LBBlurredImage.m"; sourceTree = "<group>"; };
		14FBC6F0197777D200A911DC /* VNCameraOverlayView.h */ = {isa = PBXFileReference; fileEncoding = 4; lastKnownFileType = sourcecode.c.h; path = VNCameraOverlayView.h; sourceTree = "<group>"; };
		14FBC6F1197777D200A911DC /* VNCameraOverlayView.m */ = {isa = PBXFileReference; fileEncoding = 4; lastKnownFileType = sourcecode.c.objc; path = VNCameraOverlayView.m; sourceTree = "<group>"; };
		26962046196E4AF600EA06B3 /* VNMessage.h */ = {isa = PBXFileReference; fileEncoding = 4; lastKnownFileType = sourcecode.c.h; path = VNMessage.h; sourceTree = "<group>"; };
		26962047196E4AF600EA06B3 /* VNMessage.m */ = {isa = PBXFileReference; fileEncoding = 4; lastKnownFileType = sourcecode.c.objc; path = VNMessage.m; sourceTree = "<group>"; };
		2696204A196E75DF00EA06B3 /* VNNotificationViewController.h */ = {isa = PBXFileReference; fileEncoding = 4; lastKnownFileType = sourcecode.c.h; path = VNNotificationViewController.h; sourceTree = "<group>"; };
		2696204B196E75DF00EA06B3 /* VNNotificationViewController.m */ = {isa = PBXFileReference; fileEncoding = 4; lastKnownFileType = sourcecode.c.objc; path = VNNotificationViewController.m; sourceTree = "<group>"; };
		269755C3197061BD005DEDEE /* VNUserViewController.h */ = {isa = PBXFileReference; fileEncoding = 4; lastKnownFileType = sourcecode.c.h; path = VNUserViewController.h; sourceTree = "<group>"; };
		269755C4197061BD005DEDEE /* VNUserViewController.m */ = {isa = PBXFileReference; fileEncoding = 4; lastKnownFileType = sourcecode.c.objc; path = VNUserViewController.m; sourceTree = "<group>"; };
		269755C619710E75005DEDEE /* VNNotificationReplyTableViewCell.h */ = {isa = PBXFileReference; fileEncoding = 4; lastKnownFileType = sourcecode.c.h; path = VNNotificationReplyTableViewCell.h; sourceTree = "<group>"; };
		269755C719710E75005DEDEE /* VNNotificationReplyTableViewCell.m */ = {isa = PBXFileReference; fileEncoding = 4; lastKnownFileType = sourcecode.c.objc; path = VNNotificationReplyTableViewCell.m; sourceTree = "<group>"; };
		269755C819710E75005DEDEE /* VNNotificationReplyTableViewCell.xib */ = {isa = PBXFileReference; fileEncoding = 4; lastKnownFileType = file.xib; path = VNNotificationReplyTableViewCell.xib; sourceTree = "<group>"; };
		269755CB19712580005DEDEE /* VNNotificationUserTableViewCell.h */ = {isa = PBXFileReference; fileEncoding = 4; lastKnownFileType = sourcecode.c.h; path = VNNotificationUserTableViewCell.h; sourceTree = "<group>"; };
		269755CC19712580005DEDEE /* VNNotificationUserTableViewCell.m */ = {isa = PBXFileReference; fileEncoding = 4; lastKnownFileType = sourcecode.c.objc; path = VNNotificationUserTableViewCell.m; sourceTree = "<group>"; };
		269755CD19712580005DEDEE /* VNNotificationUserTableViewCell.xib */ = {isa = PBXFileReference; fileEncoding = 4; lastKnownFileType = file.xib; path = VNNotificationUserTableViewCell.xib; sourceTree = "<group>"; };
		269B0825197DF96400CF4ADC /* OSSClient.h */ = {isa = PBXFileReference; fileEncoding = 4; lastKnownFileType = sourcecode.c.h; path = OSSClient.h; sourceTree = "<group>"; };
		269B0826197DF96400CF4ADC /* OSSClient.m */ = {isa = PBXFileReference; fileEncoding = 4; lastKnownFileType = sourcecode.c.objc; path = OSSClient.m; sourceTree = "<group>"; };
		CC7C0720D5F047B7B4DBA24C /* Pods-VideoNews.xcconfig */ = {isa = PBXFileReference; includeInIndex = 1; lastKnownFileType = text.xcconfig; name = "Pods-VideoNews.xcconfig"; path = "Pods/Pods-VideoNews.xcconfig"; sourceTree = "<group>"; };
		D64296C31964FB05004E218C /* VNResultViewController.h */ = {isa = PBXFileReference; fileEncoding = 4; lastKnownFileType = sourcecode.c.h; path = VNResultViewController.h; sourceTree = "<group>"; };
		D64296C41964FB05004E218C /* VNResultViewController.m */ = {isa = PBXFileReference; fileEncoding = 4; lastKnownFileType = sourcecode.c.objc; path = VNResultViewController.m; sourceTree = "<group>"; };
		D64296C619652AC4004E218C /* VNCacheDataManager.h */ = {isa = PBXFileReference; fileEncoding = 4; lastKnownFileType = sourcecode.c.h; path = VNCacheDataManager.h; sourceTree = "<group>"; };
		D64296C719652AC4004E218C /* VNCacheDataManager.m */ = {isa = PBXFileReference; fileEncoding = 4; lastKnownFileType = sourcecode.c.objc; path = VNCacheDataManager.m; sourceTree = "<group>"; };
		D64296C919652FB6004E218C /* VNSearchField.h */ = {isa = PBXFileReference; fileEncoding = 4; lastKnownFileType = sourcecode.c.h; path = VNSearchField.h; sourceTree = "<group>"; };
		D64296CA19652FB6004E218C /* VNSearchField.m */ = {isa = PBXFileReference; fileEncoding = 4; lastKnownFileType = sourcecode.c.objc; path = VNSearchField.m; sourceTree = "<group>"; };
		D64296CC19653A27004E218C /* VNSearchWordViewController.h */ = {isa = PBXFileReference; fileEncoding = 4; lastKnownFileType = sourcecode.c.h; path = VNSearchWordViewController.h; sourceTree = "<group>"; };
		D64296CD19653A27004E218C /* VNSearchWordViewController.m */ = {isa = PBXFileReference; fileEncoding = 4; lastKnownFileType = sourcecode.c.objc; path = VNSearchWordViewController.m; sourceTree = "<group>"; };
		D64296CF19653E51004E218C /* VNSearchTabHeaderView.h */ = {isa = PBXFileReference; fileEncoding = 4; lastKnownFileType = sourcecode.c.h; path = VNSearchTabHeaderView.h; sourceTree = "<group>"; };
		D64296D019653E51004E218C /* VNSearchTabHeaderView.m */ = {isa = PBXFileReference; fileEncoding = 4; lastKnownFileType = sourcecode.c.objc; path = VNSearchTabHeaderView.m; sourceTree = "<group>"; };
		D64296D219653E62004E218C /* VNSearchTabHeaderView.xib */ = {isa = PBXFileReference; fileEncoding = 4; lastKnownFileType = file.xib; path = VNSearchTabHeaderView.xib; sourceTree = "<group>"; };
		D64296D419654C5B004E218C /* VNSearchResultTableViewCell.h */ = {isa = PBXFileReference; fileEncoding = 4; lastKnownFileType = sourcecode.c.h; path = VNSearchResultTableViewCell.h; sourceTree = "<group>"; };
		D64296D519654C5B004E218C /* VNSearchResultTableViewCell.m */ = {isa = PBXFileReference; fileEncoding = 4; lastKnownFileType = sourcecode.c.objc; path = VNSearchResultTableViewCell.m; sourceTree = "<group>"; };
		D64296D619654C5B004E218C /* VNSearchResultTableViewCell.xib */ = {isa = PBXFileReference; fileEncoding = 4; lastKnownFileType = file.xib; path = VNSearchResultTableViewCell.xib; sourceTree = "<group>"; };
		D64296DB19668EE4004E218C /* libMobClickLibrary.a */ = {isa = PBXFileReference; lastKnownFileType = archive.ar; path = libMobClickLibrary.a; sourceTree = "<group>"; };
		D64296DC19668EE4004E218C /* MobClick.h */ = {isa = PBXFileReference; fileEncoding = 4; lastKnownFileType = sourcecode.c.h; path = MobClick.h; sourceTree = "<group>"; };
		D64296DE19668EE4004E218C /* libUMFeedback.a */ = {isa = PBXFileReference; lastKnownFileType = archive.ar; path = libUMFeedback.a; sourceTree = "<group>"; };
		D64296DF19668EE4004E218C /* umFeedback.bundle */ = {isa = PBXFileReference; lastKnownFileType = "wrapper.plug-in"; path = umFeedback.bundle; sourceTree = "<group>"; };
		D64296E019668EE4004E218C /* UMFeedback.h */ = {isa = PBXFileReference; fileEncoding = 4; lastKnownFileType = sourcecode.c.h; path = UMFeedback.h; sourceTree = "<group>"; };
		D64296E319668EE4004E218C /* en */ = {isa = PBXFileReference; lastKnownFileType = text.plist.strings; name = en; path = en.lproj/UMSocialLocalizable.strings; sourceTree = "<group>"; };
		D64296E519668EE4004E218C /* UMSocial.h */ = {isa = PBXFileReference; fileEncoding = 4; lastKnownFileType = sourcecode.c.h; path = UMSocial.h; sourceTree = "<group>"; };
		D64296E619668EE4004E218C /* UMSocialAccountManager.h */ = {isa = PBXFileReference; fileEncoding = 4; lastKnownFileType = sourcecode.c.h; path = UMSocialAccountManager.h; sourceTree = "<group>"; };
		D64296E719668EE4004E218C /* UMSocialBar.h */ = {isa = PBXFileReference; fileEncoding = 4; lastKnownFileType = sourcecode.c.h; path = UMSocialBar.h; sourceTree = "<group>"; };
		D64296E819668EE4004E218C /* UMSocialConfig.h */ = {isa = PBXFileReference; fileEncoding = 4; lastKnownFileType = sourcecode.c.h; path = UMSocialConfig.h; sourceTree = "<group>"; };
		D64296E919668EE4004E218C /* UMSocialControllerService.h */ = {isa = PBXFileReference; fileEncoding = 4; lastKnownFileType = sourcecode.c.h; path = UMSocialControllerService.h; sourceTree = "<group>"; };
		D64296EA19668EE4004E218C /* UMSocialControllerServiceComment.h */ = {isa = PBXFileReference; fileEncoding = 4; lastKnownFileType = sourcecode.c.h; path = UMSocialControllerServiceComment.h; sourceTree = "<group>"; };
		D64296EB19668EE4004E218C /* UMSocialData.h */ = {isa = PBXFileReference; fileEncoding = 4; lastKnownFileType = sourcecode.c.h; path = UMSocialData.h; sourceTree = "<group>"; };
		D64296EC19668EE4004E218C /* UMSocialDataService.h */ = {isa = PBXFileReference; fileEncoding = 4; lastKnownFileType = sourcecode.c.h; path = UMSocialDataService.h; sourceTree = "<group>"; };
		D64296ED19668EE4004E218C /* UMSocialSnsData.h */ = {isa = PBXFileReference; fileEncoding = 4; lastKnownFileType = sourcecode.c.h; path = UMSocialSnsData.h; sourceTree = "<group>"; };
		D64296EE19668EE4004E218C /* UMSocialSnsPlatformManager.h */ = {isa = PBXFileReference; fileEncoding = 4; lastKnownFileType = sourcecode.c.h; path = UMSocialSnsPlatformManager.h; sourceTree = "<group>"; };
		D64296EF19668EE4004E218C /* UMSocialSnsService.h */ = {isa = PBXFileReference; fileEncoding = 4; lastKnownFileType = sourcecode.c.h; path = UMSocialSnsService.h; sourceTree = "<group>"; };
		D64296F019668EE4004E218C /* libUMSocial_Sdk_3.3.8.a */ = {isa = PBXFileReference; lastKnownFileType = archive.ar; path = libUMSocial_Sdk_3.3.8.a; sourceTree = "<group>"; };
		D64296F219668EE4004E218C /* UMSCommentDetailController.xib */ = {isa = PBXFileReference; fileEncoding = 4; lastKnownFileType = file.xib; path = UMSCommentDetailController.xib; sourceTree = "<group>"; };
		D64296F319668EE4004E218C /* UMSCommentInputController.xib */ = {isa = PBXFileReference; fileEncoding = 4; lastKnownFileType = file.xib; path = UMSCommentInputController.xib; sourceTree = "<group>"; };
		D64296F419668EE4004E218C /* UMSCommentInputControlleriPad.xib */ = {isa = PBXFileReference; fileEncoding = 4; lastKnownFileType = file.xib; path = UMSCommentInputControlleriPad.xib; sourceTree = "<group>"; };
		D64296F519668EE4004E218C /* UMShareEditViewController.xib */ = {isa = PBXFileReference; fileEncoding = 4; lastKnownFileType = file.xib; path = UMShareEditViewController.xib; sourceTree = "<group>"; };
		D64296F619668EE4004E218C /* UMShareEditViewControlleriPad.xib */ = {isa = PBXFileReference; fileEncoding = 4; lastKnownFileType = file.xib; path = UMShareEditViewControlleriPad.xib; sourceTree = "<group>"; };
		D64296F719668EE4004E218C /* UMSLoginViewController.xib */ = {isa = PBXFileReference; fileEncoding = 4; lastKnownFileType = file.xib; path = UMSLoginViewController.xib; sourceTree = "<group>"; };
		D64296F819668EE4004E218C /* UMSnsAccountViewController.xib */ = {isa = PBXFileReference; fileEncoding = 4; lastKnownFileType = file.xib; path = UMSnsAccountViewController.xib; sourceTree = "<group>"; };
		D64296F919668EE4004E218C /* UMSShareListController.xib */ = {isa = PBXFileReference; fileEncoding = 4; lastKnownFileType = file.xib; path = UMSShareListController.xib; sourceTree = "<group>"; };
		D64296FA19668EE4004E218C /* UMSocialSDKResourcesNew.bundle */ = {isa = PBXFileReference; lastKnownFileType = "wrapper.plug-in"; path = UMSocialSDKResourcesNew.bundle; sourceTree = "<group>"; };
		D64296FB19668EE4004E218C /* zh-Hans */ = {isa = PBXFileReference; lastKnownFileType = text.plist.strings; name = "zh-Hans"; path = "zh-Hans.lproj/UMSocialLocalizable.strings"; sourceTree = "<group>"; };
		D64296FE19668EE4004E218C /* libSocialQQ.a */ = {isa = PBXFileReference; lastKnownFileType = archive.ar; path = libSocialQQ.a; sourceTree = "<group>"; };
		D64296FF19668EE4004E218C /* TencentOpenAPI.framework */ = {isa = PBXFileReference; lastKnownFileType = wrapper.framework; path = TencentOpenAPI.framework; sourceTree = "<group>"; };
		D642970019668EE4004E218C /* TencentOpenApi_IOS_Bundle.bundle */ = {isa = PBXFileReference; lastKnownFileType = "wrapper.plug-in"; path = TencentOpenApi_IOS_Bundle.bundle; sourceTree = "<group>"; };
		D642970119668EE4004E218C /* UMSocialQQHandler.h */ = {isa = PBXFileReference; fileEncoding = 4; lastKnownFileType = sourcecode.c.h; path = UMSocialQQHandler.h; sourceTree = "<group>"; };
		D642970319668EE4004E218C /* libSocialWechat.a */ = {isa = PBXFileReference; lastKnownFileType = archive.ar; path = libSocialWechat.a; sourceTree = "<group>"; };
		D642970419668EE4004E218C /* libWeChatSDK.a */ = {isa = PBXFileReference; lastKnownFileType = archive.ar; path = libWeChatSDK.a; sourceTree = "<group>"; };
		D642970519668EE4004E218C /* UMSocialWechatHandler.h */ = {isa = PBXFileReference; fileEncoding = 4; lastKnownFileType = sourcecode.c.h; path = UMSocialWechatHandler.h; sourceTree = "<group>"; };
		D642970619668EE4004E218C /* WXApi.h */ = {isa = PBXFileReference; fileEncoding = 4; lastKnownFileType = sourcecode.c.h; path = WXApi.h; sourceTree = "<group>"; };
		D642970719668EE4004E218C /* WXApiObject.h */ = {isa = PBXFileReference; fileEncoding = 4; lastKnownFileType = sourcecode.c.h; path = WXApiObject.h; sourceTree = "<group>"; };
		D642971B1966957A004E218C /* Security.framework */ = {isa = PBXFileReference; lastKnownFileType = wrapper.framework; name = Security.framework; path = System/Library/Frameworks/Security.framework; sourceTree = SDKROOT; };
		D642971D19669588004E218C /* libiconv.dylib */ = {isa = PBXFileReference; lastKnownFileType = "compiled.mach-o.dylib"; name = libiconv.dylib; path = usr/lib/libiconv.dylib; sourceTree = SDKROOT; };
		D642971F19669593004E218C /* SystemConfiguration.framework */ = {isa = PBXFileReference; lastKnownFileType = wrapper.framework; name = SystemConfiguration.framework; path = System/Library/Frameworks/SystemConfiguration.framework; sourceTree = SDKROOT; };
		D6429721196695AC004E218C /* libsqlite3.dylib */ = {isa = PBXFileReference; lastKnownFileType = "compiled.mach-o.dylib"; name = libsqlite3.dylib; path = usr/lib/libsqlite3.dylib; sourceTree = SDKROOT; };
		D6429723196695B2004E218C /* CoreTelephony.framework */ = {isa = PBXFileReference; lastKnownFileType = wrapper.framework; name = CoreTelephony.framework; path = System/Library/Frameworks/CoreTelephony.framework; sourceTree = SDKROOT; };
		D6429725196695BE004E218C /* libstdc++.dylib */ = {isa = PBXFileReference; lastKnownFileType = "compiled.mach-o.dylib"; name = "libstdc++.dylib"; path = "usr/lib/libstdc++.dylib"; sourceTree = SDKROOT; };
		D6429727196695C6004E218C /* libz.dylib */ = {isa = PBXFileReference; lastKnownFileType = "compiled.mach-o.dylib"; name = libz.dylib; path = usr/lib/libz.dylib; sourceTree = SDKROOT; };
		D6676F40196A3ADB00F484FE /* VNLoginViewController.h */ = {isa = PBXFileReference; fileEncoding = 4; lastKnownFileType = sourcecode.c.h; path = VNLoginViewController.h; sourceTree = "<group>"; };
		D6676F41196A3ADB00F484FE /* VNLoginViewController.m */ = {isa = PBXFileReference; fileEncoding = 4; lastKnownFileType = sourcecode.c.objc; path = VNLoginViewController.m; sourceTree = "<group>"; };
		D6676F51196B799800F484FE /* VNWeixinCodeResponse.h */ = {isa = PBXFileReference; fileEncoding = 4; lastKnownFileType = sourcecode.c.h; path = VNWeixinCodeResponse.h; sourceTree = "<group>"; };
		D6676F52196B799800F484FE /* VNWeixinCodeResponse.m */ = {isa = PBXFileReference; fileEncoding = 4; lastKnownFileType = sourcecode.c.objc; path = VNWeixinCodeResponse.m; sourceTree = "<group>"; };
		D6676F54196B7E0000F484FE /* VNAuthUser.h */ = {isa = PBXFileReference; fileEncoding = 4; lastKnownFileType = sourcecode.c.h; path = VNAuthUser.h; sourceTree = "<group>"; };
		D6676F55196B7E0000F484FE /* VNAuthUser.m */ = {isa = PBXFileReference; fileEncoding = 4; lastKnownFileType = sourcecode.c.objc; path = VNAuthUser.m; sourceTree = "<group>"; };
		D6676F5A196BC84800F484FE /* ZXRemoteNotification.h */ = {isa = PBXFileReference; fileEncoding = 4; lastKnownFileType = sourcecode.c.h; path = ZXRemoteNotification.h; sourceTree = "<group>"; };
		D6676F5B196BC84800F484FE /* ZXRemoteNotification.m */ = {isa = PBXFileReference; fileEncoding = 4; lastKnownFileType = sourcecode.c.objc; path = ZXRemoteNotification.m; sourceTree = "<group>"; };
		D6676F64196E81BB00F484FE /* NavigationControllerDelegate.h */ = {isa = PBXFileReference; fileEncoding = 4; lastKnownFileType = sourcecode.c.h; path = NavigationControllerDelegate.h; sourceTree = "<group>"; };
		D6676F65196E81BB00F484FE /* NavigationControllerDelegate.m */ = {isa = PBXFileReference; fileEncoding = 4; lastKnownFileType = sourcecode.c.objc; path = NavigationControllerDelegate.m; sourceTree = "<group>"; };
		D6676F66196E81BB00F484FE /* VNUtility.h */ = {isa = PBXFileReference; fileEncoding = 4; lastKnownFileType = sourcecode.c.h; path = VNUtility.h; sourceTree = "<group>"; };
		D6676F67196E81BB00F484FE /* VNUtility.m */ = {isa = PBXFileReference; fileEncoding = 4; lastKnownFileType = sourcecode.c.objc; path = VNUtility.m; sourceTree = "<group>"; };
		D6676F6A196E87A500F484FE /* MediaPlayer.framework */ = {isa = PBXFileReference; lastKnownFileType = wrapper.framework; name = MediaPlayer.framework; path = System/Library/Frameworks/MediaPlayer.framework; sourceTree = SDKROOT; };
		D6676F6F196F885100F484FE /* VNUserResultViewController.h */ = {isa = PBXFileReference; fileEncoding = 4; lastKnownFileType = sourcecode.c.h; path = VNUserResultViewController.h; sourceTree = "<group>"; };
		D6676F70196F885100F484FE /* VNUserResultViewController.m */ = {isa = PBXFileReference; fileEncoding = 4; lastKnownFileType = sourcecode.c.objc; path = VNUserResultViewController.m; sourceTree = "<group>"; };
		D6676F72196F940C00F484FE /* VNUserResultCollectionViewCell.h */ = {isa = PBXFileReference; fileEncoding = 4; lastKnownFileType = sourcecode.c.h; path = VNUserResultCollectionViewCell.h; sourceTree = "<group>"; };
		D6676F73196F940C00F484FE /* VNUserResultCollectionViewCell.m */ = {isa = PBXFileReference; fileEncoding = 4; lastKnownFileType = sourcecode.c.objc; path = VNUserResultCollectionViewCell.m; sourceTree = "<group>"; };
		D6676F76197523A900F484FE /* AGEmojiKeyBoardView.h */ = {isa = PBXFileReference; fileEncoding = 4; lastKnownFileType = sourcecode.c.h; path = AGEmojiKeyBoardView.h; sourceTree = "<group>"; };
		D6676F77197523A900F484FE /* AGEmojiKeyBoardView.m */ = {isa = PBXFileReference; fileEncoding = 4; lastKnownFileType = sourcecode.c.objc; path = AGEmojiKeyBoardView.m; sourceTree = "<group>"; };
		D6676F78197523A900F484FE /* AGEmojiPageView.h */ = {isa = PBXFileReference; fileEncoding = 4; lastKnownFileType = sourcecode.c.h; path = AGEmojiPageView.h; sourceTree = "<group>"; };
		D6676F79197523A900F484FE /* AGEmojiPageView.m */ = {isa = PBXFileReference; fileEncoding = 4; lastKnownFileType = sourcecode.c.objc; path = AGEmojiPageView.m; sourceTree = "<group>"; };
		D6676F7A197523A900F484FE /* EmojisList.plist */ = {isa = PBXFileReference; fileEncoding = 4; lastKnownFileType = text.plist.xml; path = EmojisList.plist; sourceTree = "<group>"; };
		D6676F7E1976AD5C00F484FE /* BMNavigationController.h */ = {isa = PBXFileReference; fileEncoding = 4; lastKnownFileType = sourcecode.c.h; path = BMNavigationController.h; sourceTree = "<group>"; };
		D6676F7F1976AD5C00F484FE /* BMNavigationController.m */ = {isa = PBXFileReference; fileEncoding = 4; lastKnownFileType = sourcecode.c.objc; path = BMNavigationController.m; sourceTree = "<group>"; };
		D6676F87197806CE00F484FE /* VNProfileViewController.h */ = {isa = PBXFileReference; fileEncoding = 4; lastKnownFileType = sourcecode.c.h; path = VNProfileViewController.h; sourceTree = "<group>"; };
		D6676F88197806CE00F484FE /* VNProfileViewController.m */ = {isa = PBXFileReference; fileEncoding = 4; lastKnownFileType = sourcecode.c.objc; path = VNProfileViewController.m; sourceTree = "<group>"; };
		D6676F8A1979114300F484FE /* VNMineProfileViewController.h */ = {isa = PBXFileReference; fileEncoding = 4; lastKnownFileType = sourcecode.c.h; path = VNMineProfileViewController.h; sourceTree = "<group>"; };
		D6676F8B1979114300F484FE /* VNMineProfileViewController.m */ = {isa = PBXFileReference; fileEncoding = 4; lastKnownFileType = sourcecode.c.objc; path = VNMineProfileViewController.m; sourceTree = "<group>"; };
		D6676F8D197916D400F484FE /* VNProfileVideoTableViewCell.h */ = {isa = PBXFileReference; fileEncoding = 4; lastKnownFileType = sourcecode.c.h; path = VNProfileVideoTableViewCell.h; sourceTree = "<group>"; };
		D6676F8E197916D400F484FE /* VNProfileVideoTableViewCell.m */ = {isa = PBXFileReference; fileEncoding = 4; lastKnownFileType = sourcecode.c.objc; path = VNProfileVideoTableViewCell.m; sourceTree = "<group>"; };
		D6676F8F197916D400F484FE /* VNProfileVideoTableViewCell.xib */ = {isa = PBXFileReference; fileEncoding = 4; lastKnownFileType = file.xib; path = VNProfileVideoTableViewCell.xib; sourceTree = "<group>"; };
		D6676F92197916F600F484FE /* VNProfileFansTableViewCell.h */ = {isa = PBXFileReference; fileEncoding = 4; lastKnownFileType = sourcecode.c.h; path = VNProfileFansTableViewCell.h; sourceTree = "<group>"; };
		D6676F93197916F600F484FE /* VNProfileFansTableViewCell.m */ = {isa = PBXFileReference; fileEncoding = 4; lastKnownFileType = sourcecode.c.objc; path = VNProfileFansTableViewCell.m; sourceTree = "<group>"; };
		D6676F94197916F600F484FE /* VNProfileFansTableViewCell.xib */ = {isa = PBXFileReference; fileEncoding = 4; lastKnownFileType = file.xib; path = VNProfileFansTableViewCell.xib; sourceTree = "<group>"; };
		D6676F97197CBACD00F484FE /* VNMineProfileHeaderView.h */ = {isa = PBXFileReference; fileEncoding = 4; lastKnownFileType = sourcecode.c.h; path = VNMineProfileHeaderView.h; sourceTree = "<group>"; };
		D6676F98197CBACD00F484FE /* VNMineProfileHeaderView.m */ = {isa = PBXFileReference; fileEncoding = 4; lastKnownFileType = sourcecode.c.objc; path = VNMineProfileHeaderView.m; sourceTree = "<group>"; };
		D6676F9A197CBADE00F484FE /* VNMineProfileHeaderView.xib */ = {isa = PBXFileReference; fileEncoding = 4; lastKnownFileType = file.xib; path = VNMineProfileHeaderView.xib; sourceTree = "<group>"; };
		D6676F9C197F587F00F484FE /* VNUserProfileHeaderView.h */ = {isa = PBXFileReference; fileEncoding = 4; lastKnownFileType = sourcecode.c.h; path = VNUserProfileHeaderView.h; sourceTree = "<group>"; };
		D6676F9D197F587F00F484FE /* VNUserProfileHeaderView.m */ = {isa = PBXFileReference; fileEncoding = 4; lastKnownFileType = sourcecode.c.objc; path = VNUserProfileHeaderView.m; sourceTree = "<group>"; };
		D6676F9F197F589800F484FE /* VNUserProfileHeaderView.xib */ = {isa = PBXFileReference; fileEncoding = 4; lastKnownFileType = file.xib; path = VNUserProfileHeaderView.xib; sourceTree = "<group>"; };
		D66F7A4019619EFE00EA72BC /* VNNewsDetailViewController.h */ = {isa = PBXFileReference; fileEncoding = 4; lastKnownFileType = sourcecode.c.h; path = VNNewsDetailViewController.h; sourceTree = "<group>"; };
		D66F7A4119619EFE00EA72BC /* VNNewsDetailViewController.m */ = {isa = PBXFileReference; fileEncoding = 4; lastKnownFileType = sourcecode.c.objc; path = VNNewsDetailViewController.m; sourceTree = "<group>"; };
		D66F7A4319619FAF00EA72BC /* VNDetailHeaderView.h */ = {isa = PBXFileReference; fileEncoding = 4; lastKnownFileType = sourcecode.c.h; path = VNDetailHeaderView.h; sourceTree = "<group>"; };
		D66F7A4419619FAF00EA72BC /* VNDetailHeaderView.m */ = {isa = PBXFileReference; fileEncoding = 4; lastKnownFileType = sourcecode.c.objc; path = VNDetailHeaderView.m; sourceTree = "<group>"; };
		D66F7A4619619FC800EA72BC /* VNDetailHeaderView.xib */ = {isa = PBXFileReference; fileEncoding = 4; lastKnownFileType = file.xib; path = VNDetailHeaderView.xib; sourceTree = "<group>"; };
		D66F7A9C1963D78500EA72BC /* VNComment.h */ = {isa = PBXFileReference; fileEncoding = 4; lastKnownFileType = sourcecode.c.h; path = VNComment.h; sourceTree = "<group>"; };
		D66F7A9D1963D78500EA72BC /* VNComment.m */ = {isa = PBXFileReference; fileEncoding = 4; lastKnownFileType = sourcecode.c.objc; path = VNComment.m; sourceTree = "<group>"; };
		D68CB4F21980F0D600236517 /* VNProfileDetailViewController.h */ = {isa = PBXFileReference; fileEncoding = 4; lastKnownFileType = sourcecode.c.h; path = VNProfileDetailViewController.h; sourceTree = "<group>"; };
		D68CB4F31980F0D600236517 /* VNProfileDetailViewController.m */ = {isa = PBXFileReference; fileEncoding = 4; lastKnownFileType = sourcecode.c.objc; path = VNProfileDetailViewController.m; sourceTree = "<group>"; };
		D68CB4F51981063F00236517 /* VNOriginImgViewController.h */ = {isa = PBXFileReference; fileEncoding = 4; lastKnownFileType = sourcecode.c.h; path = VNOriginImgViewController.h; sourceTree = "<group>"; };
		D68CB4F61981063F00236517 /* VNOriginImgViewController.m */ = {isa = PBXFileReference; fileEncoding = 4; lastKnownFileType = sourcecode.c.objc; path = VNOriginImgViewController.m; sourceTree = "<group>"; };
		D68CB4F819822C6300236517 /* VNEditProfileViewController.h */ = {isa = PBXFileReference; fileEncoding = 4; lastKnownFileType = sourcecode.c.h; path = VNEditProfileViewController.h; sourceTree = "<group>"; };
		D68CB4F919822C6300236517 /* VNEditProfileViewController.m */ = {isa = PBXFileReference; fileEncoding = 4; lastKnownFileType = sourcecode.c.objc; path = VNEditProfileViewController.m; sourceTree = "<group>"; };
		D68CB4FB19823D1700236517 /* VNEditProfileTableViewCell.h */ = {isa = PBXFileReference; fileEncoding = 4; lastKnownFileType = sourcecode.c.h; path = VNEditProfileTableViewCell.h; sourceTree = "<group>"; };
		D68CB4FC19823D1700236517 /* VNEditProfileTableViewCell.m */ = {isa = PBXFileReference; fileEncoding = 4; lastKnownFileType = sourcecode.c.objc; path = VNEditProfileTableViewCell.m; sourceTree = "<group>"; };
		D68CB4FE1982503F00236517 /* VNEditContentViewController.h */ = {isa = PBXFileReference; fileEncoding = 4; lastKnownFileType = sourcecode.c.h; path = VNEditContentViewController.h; sourceTree = "<group>"; };
		D68CB4FF1982503F00236517 /* VNEditContentViewController.m */ = {isa = PBXFileReference; fileEncoding = 4; lastKnownFileType = sourcecode.c.objc; path = VNEditContentViewController.m; sourceTree = "<group>"; };
		D6E858971963E9FF0055C603 /* VNCommentTableViewCell.h */ = {isa = PBXFileReference; fileEncoding = 4; lastKnownFileType = sourcecode.c.h; path = VNCommentTableViewCell.h; sourceTree = "<group>"; };
		D6E858981963E9FF0055C603 /* VNCommentTableViewCell.m */ = {isa = PBXFileReference; fileEncoding = 4; lastKnownFileType = sourcecode.c.objc; path = VNCommentTableViewCell.m; sourceTree = "<group>"; };
		D6E858991963E9FF0055C603 /* VNCommentTableViewCell.xib */ = {isa = PBXFileReference; fileEncoding = 4; lastKnownFileType = file.xib; path = VNCommentTableViewCell.xib; sourceTree = "<group>"; };
		D6FED74A195AC1C100AD10E0 /* VideoNews.app */ = {isa = PBXFileReference; explicitFileType = wrapper.application; includeInIndex = 0; path = VideoNews.app; sourceTree = BUILT_PRODUCTS_DIR; };
		D6FED74D195AC1C100AD10E0 /* Foundation.framework */ = {isa = PBXFileReference; lastKnownFileType = wrapper.framework; name = Foundation.framework; path = System/Library/Frameworks/Foundation.framework; sourceTree = SDKROOT; };
		D6FED74F195AC1C100AD10E0 /* CoreGraphics.framework */ = {isa = PBXFileReference; lastKnownFileType = wrapper.framework; name = CoreGraphics.framework; path = System/Library/Frameworks/CoreGraphics.framework; sourceTree = SDKROOT; };
		D6FED751195AC1C100AD10E0 /* UIKit.framework */ = {isa = PBXFileReference; lastKnownFileType = wrapper.framework; name = UIKit.framework; path = System/Library/Frameworks/UIKit.framework; sourceTree = SDKROOT; };
		D6FED755195AC1C100AD10E0 /* VideoNews-Info.plist */ = {isa = PBXFileReference; lastKnownFileType = text.plist.xml; path = "VideoNews-Info.plist"; sourceTree = "<group>"; };
		D6FED757195AC1C100AD10E0 /* en */ = {isa = PBXFileReference; lastKnownFileType = text.plist.strings; name = en; path = en.lproj/InfoPlist.strings; sourceTree = "<group>"; };
		D6FED759195AC1C100AD10E0 /* main.m */ = {isa = PBXFileReference; lastKnownFileType = sourcecode.c.objc; path = main.m; sourceTree = "<group>"; };
		D6FED75B195AC1C100AD10E0 /* VideoNews-Prefix.pch */ = {isa = PBXFileReference; lastKnownFileType = sourcecode.c.h; path = "VideoNews-Prefix.pch"; sourceTree = "<group>"; };
		D6FED75C195AC1C100AD10E0 /* VNAppDelegate.h */ = {isa = PBXFileReference; lastKnownFileType = sourcecode.c.h; path = VNAppDelegate.h; sourceTree = "<group>"; };
		D6FED75D195AC1C100AD10E0 /* VNAppDelegate.m */ = {isa = PBXFileReference; lastKnownFileType = sourcecode.c.objc; path = VNAppDelegate.m; sourceTree = "<group>"; };
		D6FED760195AC1C100AD10E0 /* Base */ = {isa = PBXFileReference; lastKnownFileType = file.storyboard; name = Base; path = Base.lproj/Main.storyboard; sourceTree = "<group>"; };
		D6FED765195AC1C100AD10E0 /* Images.xcassets */ = {isa = PBXFileReference; lastKnownFileType = folder.assetcatalog; path = Images.xcassets; sourceTree = "<group>"; };
		D6FED76B195AC1C100AD10E0 /* VideoNewsTests.xctest */ = {isa = PBXFileReference; explicitFileType = wrapper.cfbundle; includeInIndex = 0; path = VideoNewsTests.xctest; sourceTree = BUILT_PRODUCTS_DIR; };
		D6FED76C195AC1C100AD10E0 /* XCTest.framework */ = {isa = PBXFileReference; lastKnownFileType = wrapper.framework; name = XCTest.framework; path = Library/Frameworks/XCTest.framework; sourceTree = DEVELOPER_DIR; };
		D6FED774195AC1C100AD10E0 /* VideoNewsTests-Info.plist */ = {isa = PBXFileReference; lastKnownFileType = text.plist.xml; path = "VideoNewsTests-Info.plist"; sourceTree = "<group>"; };
		D6FED776195AC1C100AD10E0 /* en */ = {isa = PBXFileReference; lastKnownFileType = text.plist.strings; name = en; path = en.lproj/InfoPlist.strings; sourceTree = "<group>"; };
		D6FED778195AC1C100AD10E0 /* VideoNewsTests.m */ = {isa = PBXFileReference; lastKnownFileType = sourcecode.c.objc; path = VideoNewsTests.m; sourceTree = "<group>"; };
		D6FED782195BC50000AD10E0 /* VNTabBarViewController.h */ = {isa = PBXFileReference; fileEncoding = 4; lastKnownFileType = sourcecode.c.h; path = VNTabBarViewController.h; sourceTree = "<group>"; };
		D6FED783195BC50000AD10E0 /* VNTabBarViewController.m */ = {isa = PBXFileReference; fileEncoding = 4; lastKnownFileType = sourcecode.c.objc; path = VNTabBarViewController.m; sourceTree = "<group>"; };
		D6FED789195BFF7D00AD10E0 /* VNHomeViewController.h */ = {isa = PBXFileReference; fileEncoding = 4; lastKnownFileType = sourcecode.c.h; path = VNHomeViewController.h; sourceTree = "<group>"; };
		D6FED78A195BFF7D00AD10E0 /* VNHomeViewController.m */ = {isa = PBXFileReference; fileEncoding = 4; lastKnownFileType = sourcecode.c.objc; path = VNHomeViewController.m; sourceTree = "<group>"; };
		D6FED78D195C017500AD10E0 /* VNHTTPRequestManager.h */ = {isa = PBXFileReference; fileEncoding = 4; lastKnownFileType = sourcecode.c.h; path = VNHTTPRequestManager.h; sourceTree = "<group>"; };
		D6FED78E195C017500AD10E0 /* VNHTTPRequestManager.m */ = {isa = PBXFileReference; fileEncoding = 4; lastKnownFileType = sourcecode.c.objc; path = VNHTTPRequestManager.m; sourceTree = "<group>"; };
		D6FED790195C030D00AD10E0 /* VNKey.h */ = {isa = PBXFileReference; fileEncoding = 4; lastKnownFileType = sourcecode.c.h; path = VNKey.h; sourceTree = "<group>"; };
		D6FED791195C030D00AD10E0 /* VNKey.m */ = {isa = PBXFileReference; fileEncoding = 4; lastKnownFileType = sourcecode.c.objc; path = VNKey.m; sourceTree = "<group>"; };
		D6FED794195C07E100AD10E0 /* VNObject.h */ = {isa = PBXFileReference; fileEncoding = 4; lastKnownFileType = sourcecode.c.h; path = VNObject.h; sourceTree = "<group>"; };
		D6FED795195C07E100AD10E0 /* VNObject.m */ = {isa = PBXFileReference; fileEncoding = 4; lastKnownFileType = sourcecode.c.objc; path = VNObject.m; sourceTree = "<group>"; };
		D6FED797195C08D000AD10E0 /* VNNews.h */ = {isa = PBXFileReference; fileEncoding = 4; lastKnownFileType = sourcecode.c.h; path = VNNews.h; sourceTree = "<group>"; };
		D6FED798195C08D000AD10E0 /* VNNews.m */ = {isa = PBXFileReference; fileEncoding = 4; lastKnownFileType = sourcecode.c.objc; path = VNNews.m; sourceTree = "<group>"; };
		D6FED79A195C0A6D00AD10E0 /* VNUser.h */ = {isa = PBXFileReference; fileEncoding = 4; lastKnownFileType = sourcecode.c.h; path = VNUser.h; sourceTree = "<group>"; };
		D6FED79B195C0A6D00AD10E0 /* VNUser.m */ = {isa = PBXFileReference; fileEncoding = 4; lastKnownFileType = sourcecode.c.objc; path = VNUser.m; sourceTree = "<group>"; };
		D6FED79D195C121D00AD10E0 /* VNMedia.h */ = {isa = PBXFileReference; fileEncoding = 4; lastKnownFileType = sourcecode.c.h; path = VNMedia.h; sourceTree = "<group>"; };
		D6FED79E195C121D00AD10E0 /* VNMedia.m */ = {isa = PBXFileReference; fileEncoding = 4; lastKnownFileType = sourcecode.c.objc; path = VNMedia.m; sourceTree = "<group>"; };
		D6FED7A0195D1BD400AD10E0 /* VNQuiltViewCell.h */ = {isa = PBXFileReference; fileEncoding = 4; lastKnownFileType = sourcecode.c.h; path = VNQuiltViewCell.h; sourceTree = "<group>"; };
		D6FED7A1195D1BD400AD10E0 /* VNQuiltViewCell.m */ = {isa = PBXFileReference; fileEncoding = 4; lastKnownFileType = sourcecode.c.objc; path = VNQuiltViewCell.m; sourceTree = "<group>"; };
		D6FED7A5195D5CD500AD10E0 /* VNSearchViewController.h */ = {isa = PBXFileReference; fileEncoding = 4; lastKnownFileType = sourcecode.c.h; path = VNSearchViewController.h; sourceTree = "<group>"; };
		D6FED7A6195D5CD600AD10E0 /* VNSearchViewController.m */ = {isa = PBXFileReference; fileEncoding = 4; lastKnownFileType = sourcecode.c.objc; path = VNSearchViewController.m; sourceTree = "<group>"; };
		D6FED7AA195ECD2800AD10E0 /* VNCategoryCollectionViewCell.h */ = {isa = PBXFileReference; fileEncoding = 4; lastKnownFileType = sourcecode.c.h; path = VNCategoryCollectionViewCell.h; sourceTree = "<group>"; };
		D6FED7AB195ECD2800AD10E0 /* VNCategoryCollectionViewCell.m */ = {isa = PBXFileReference; fileEncoding = 4; lastKnownFileType = sourcecode.c.objc; path = VNCategoryCollectionViewCell.m; sourceTree = "<group>"; };
		D6FED7AF195ED38D00AD10E0 /* VNCategory.h */ = {isa = PBXFileReference; fileEncoding = 4; lastKnownFileType = sourcecode.c.h; path = VNCategory.h; sourceTree = "<group>"; };
		D6FED7B0195ED38D00AD10E0 /* VNCategory.m */ = {isa = PBXFileReference; fileEncoding = 4; lastKnownFileType = sourcecode.c.objc; path = VNCategory.m; sourceTree = "<group>"; };
		E00FF5A8750C4FA0814704DC /* libPods-VideoNews.a */ = {isa = PBXFileReference; explicitFileType = archive.ar; includeInIndex = 0; path = "libPods-VideoNews.a"; sourceTree = BUILT_PRODUCTS_DIR; };
/* End PBXFileReference section */

/* Begin PBXFrameworksBuildPhase section */
		D6FED747195AC1C100AD10E0 /* Frameworks */ = {
			isa = PBXFrameworksBuildPhase;
			buildActionMask = 2147483647;
			files = (
				D6676F6B196E87A500F484FE /* MediaPlayer.framework in Frameworks */,
				D6429728196695C6004E218C /* libz.dylib in Frameworks */,
				D6429726196695BE004E218C /* libstdc++.dylib in Frameworks */,
				D6429724196695B2004E218C /* CoreTelephony.framework in Frameworks */,
				D6429722196695AC004E218C /* libsqlite3.dylib in Frameworks */,
				D6FED750195AC1C100AD10E0 /* CoreGraphics.framework in Frameworks */,
				D642972019669593004E218C /* SystemConfiguration.framework in Frameworks */,
				D642971E19669588004E218C /* libiconv.dylib in Frameworks */,
				D642971C1966957A004E218C /* Security.framework in Frameworks */,
				D642971619668EE4004E218C /* libSocialQQ.a in Frameworks */,
				D642971719668EE4004E218C /* TencentOpenAPI.framework in Frameworks */,
				D642970C19668EE4004E218C /* libUMSocial_Sdk_3.3.8.a in Frameworks */,
				D642970919668EE4004E218C /* libUMFeedback.a in Frameworks */,
				D642971A19668EE4004E218C /* libWeChatSDK.a in Frameworks */,
				D6FED752195AC1C100AD10E0 /* UIKit.framework in Frameworks */,
				D642971919668EE4004E218C /* libSocialWechat.a in Frameworks */,
				D6FED74E195AC1C100AD10E0 /* Foundation.framework in Frameworks */,
				02F297BE7E804D8DA6632605 /* libPods-VideoNews.a in Frameworks */,
				D642970819668EE4004E218C /* libMobClickLibrary.a in Frameworks */,
			);
			runOnlyForDeploymentPostprocessing = 0;
		};
		D6FED768195AC1C100AD10E0 /* Frameworks */ = {
			isa = PBXFrameworksBuildPhase;
			buildActionMask = 2147483647;
			files = (
				D6FED76D195AC1C100AD10E0 /* XCTest.framework in Frameworks */,
				D6FED76F195AC1C100AD10E0 /* UIKit.framework in Frameworks */,
				D6FED76E195AC1C100AD10E0 /* Foundation.framework in Frameworks */,
			);
			runOnlyForDeploymentPostprocessing = 0;
		};
/* End PBXFrameworksBuildPhase section */

/* Begin PBXGroup section */
		14334349197BA70600F48022 /* VNVideo */ = {
			isa = PBXGroup;
			children = (
				149D9125197E53FD00DF4346 /* VNCustomizedAlbumPickerController.h */,
				149D9126197E53FD00DF4346 /* VNCustomizedAlbumPickerController.m */,
				147F9874197FA912002A1177 /* VNAlbumVideoEditController.h */,
				147F9875197FA912002A1177 /* VNAlbumVideoEditController.m */,
				149D9122197E3E4500DF4346 /* VNVideoCaptureViewController.h */,
				149D9123197E3E4500DF4346 /* VNVideoCaptureViewController.m */,
				147F9871197F8D98002A1177 /* VNDraftListController.h */,
				147F9872197F8D98002A1177 /* VNDraftListController.m */,
				14FBC6F0197777D200A911DC /* VNCameraOverlayView.h */,
				14FBC6F1197777D200A911DC /* VNCameraOverlayView.m */,
				1433433D197B83A600F48022 /* VNVideoCoverSettingController.h */,
				1433433E197B83A600F48022 /* VNVideoCoverSettingController.m */,
				1433434D197C061200F48022 /* VNVideoFramesView.h */,
				1433434E197C061200F48022 /* VNVideoFramesView.m */,
				14334346197B99AD00F48022 /* VNAVPlayerPlayView.h */,
				14334347197B99AD00F48022 /* VNAVPlayerPlayView.m */,
				14E5529F197CDB0A00512C81 /* UIImageView+LBBlurredImage.h */,
				14E552A0197CDB0A00512C81 /* UIImageView+LBBlurredImage.m */,
				14E5529C197CD96500512C81 /* VNCustomizedActionSheet.h */,
				14E5529D197CD96500512C81 /* VNCustomizedActionSheet.m */,
				149D911F197E3AE000DF4346 /* VNProgressView.h */,
				149D9120197E3AE000DF4346 /* VNProgressView.m */,
				14747CF2197FDD6E0059A68C /* VNProgressViewForAlbum.h */,
				14747CF3197FDD6E0059A68C /* VNProgressViewForAlbum.m */,
			);
			name = VNVideo;
			sourceTree = "<group>";
		};
		26962049196E75DF00EA06B3 /* Notification */ = {
			isa = PBXGroup;
			children = (
				2696204A196E75DF00EA06B3 /* VNNotificationViewController.h */,
				2696204B196E75DF00EA06B3 /* VNNotificationViewController.m */,
				269755C3197061BD005DEDEE /* VNUserViewController.h */,
				269755C4197061BD005DEDEE /* VNUserViewController.m */,
				269755C619710E75005DEDEE /* VNNotificationReplyTableViewCell.h */,
				269755C719710E75005DEDEE /* VNNotificationReplyTableViewCell.m */,
				269755C819710E75005DEDEE /* VNNotificationReplyTableViewCell.xib */,
				269755CB19712580005DEDEE /* VNNotificationUserTableViewCell.h */,
				269755CC19712580005DEDEE /* VNNotificationUserTableViewCell.m */,
				269755CD19712580005DEDEE /* VNNotificationUserTableViewCell.xib */,
			);
			path = Notification;
			sourceTree = "<group>";
		};
		269B0824197DF96400CF4ADC /* upload */ = {
			isa = PBXGroup;
			children = (
				269B0825197DF96400CF4ADC /* OSSClient.h */,
				269B0826197DF96400CF4ADC /* OSSClient.m */,
			);
			path = upload;
			sourceTree = "<group>";
		};
		D64296D919668EE4004E218C /* Umeng */ = {
			isa = PBXGroup;
			children = (
				D64296DA19668EE4004E218C /* UMAnalytics_Sdk_3.1.2 */,
				D64296DD19668EE4004E218C /* UMFeedback_Sdk */,
				D64296E119668EE4004E218C /* UMSocial_Sdk_3.3.8 */,
				D64296FC19668EE4004E218C /* UMSocial_Sdk_Extra_Frameworks */,
			);
			path = Umeng;
			sourceTree = "<group>";
		};
		D64296DA19668EE4004E218C /* UMAnalytics_Sdk_3.1.2 */ = {
			isa = PBXGroup;
			children = (
				D64296DB19668EE4004E218C /* libMobClickLibrary.a */,
				D64296DC19668EE4004E218C /* MobClick.h */,
			);
			path = UMAnalytics_Sdk_3.1.2;
			sourceTree = "<group>";
		};
		D64296DD19668EE4004E218C /* UMFeedback_Sdk */ = {
			isa = PBXGroup;
			children = (
				D64296DE19668EE4004E218C /* libUMFeedback.a */,
				D64296DF19668EE4004E218C /* umFeedback.bundle */,
				D64296E019668EE4004E218C /* UMFeedback.h */,
			);
			path = UMFeedback_Sdk;
			sourceTree = "<group>";
		};
		D64296E119668EE4004E218C /* UMSocial_Sdk_3.3.8 */ = {
			isa = PBXGroup;
			children = (
				D64296E219668EE4004E218C /* UMSocialLocalizable.strings */,
				D64296E419668EE4004E218C /* Header */,
				D64296F019668EE4004E218C /* libUMSocial_Sdk_3.3.8.a */,
				D64296F119668EE4004E218C /* SocialSDKXib */,
				D64296FA19668EE4004E218C /* UMSocialSDKResourcesNew.bundle */,
			);
			path = UMSocial_Sdk_3.3.8;
			sourceTree = "<group>";
		};
		D64296E419668EE4004E218C /* Header */ = {
			isa = PBXGroup;
			children = (
				D64296E519668EE4004E218C /* UMSocial.h */,
				D64296E619668EE4004E218C /* UMSocialAccountManager.h */,
				D64296E719668EE4004E218C /* UMSocialBar.h */,
				D64296E819668EE4004E218C /* UMSocialConfig.h */,
				D64296E919668EE4004E218C /* UMSocialControllerService.h */,
				D64296EA19668EE4004E218C /* UMSocialControllerServiceComment.h */,
				D64296EB19668EE4004E218C /* UMSocialData.h */,
				D64296EC19668EE4004E218C /* UMSocialDataService.h */,
				D64296ED19668EE4004E218C /* UMSocialSnsData.h */,
				D64296EE19668EE4004E218C /* UMSocialSnsPlatformManager.h */,
				D64296EF19668EE4004E218C /* UMSocialSnsService.h */,
			);
			path = Header;
			sourceTree = "<group>";
		};
		D64296F119668EE4004E218C /* SocialSDKXib */ = {
			isa = PBXGroup;
			children = (
				D64296F219668EE4004E218C /* UMSCommentDetailController.xib */,
				D64296F319668EE4004E218C /* UMSCommentInputController.xib */,
				D64296F419668EE4004E218C /* UMSCommentInputControlleriPad.xib */,
				D64296F519668EE4004E218C /* UMShareEditViewController.xib */,
				D64296F619668EE4004E218C /* UMShareEditViewControlleriPad.xib */,
				D64296F719668EE4004E218C /* UMSLoginViewController.xib */,
				D64296F819668EE4004E218C /* UMSnsAccountViewController.xib */,
				D64296F919668EE4004E218C /* UMSShareListController.xib */,
			);
			path = SocialSDKXib;
			sourceTree = "<group>";
		};
		D64296FC19668EE4004E218C /* UMSocial_Sdk_Extra_Frameworks */ = {
			isa = PBXGroup;
			children = (
				D64296FD19668EE4004E218C /* TencentOpenAPI */,
				D642970219668EE4004E218C /* Wechat */,
			);
			path = UMSocial_Sdk_Extra_Frameworks;
			sourceTree = "<group>";
		};
		D64296FD19668EE4004E218C /* TencentOpenAPI */ = {
			isa = PBXGroup;
			children = (
				D64296FE19668EE4004E218C /* libSocialQQ.a */,
				D64296FF19668EE4004E218C /* TencentOpenAPI.framework */,
				D642970019668EE4004E218C /* TencentOpenApi_IOS_Bundle.bundle */,
				D642970119668EE4004E218C /* UMSocialQQHandler.h */,
			);
			path = TencentOpenAPI;
			sourceTree = "<group>";
		};
		D642970219668EE4004E218C /* Wechat */ = {
			isa = PBXGroup;
			children = (
				D642970319668EE4004E218C /* libSocialWechat.a */,
				D642970419668EE4004E218C /* libWeChatSDK.a */,
				D642970519668EE4004E218C /* UMSocialWechatHandler.h */,
				D642970619668EE4004E218C /* WXApi.h */,
				D642970719668EE4004E218C /* WXApiObject.h */,
			);
			path = Wechat;
			sourceTree = "<group>";
		};
		D6676F3F196A3ABE00F484FE /* Login */ = {
			isa = PBXGroup;
			children = (
				D6676F5A196BC84800F484FE /* ZXRemoteNotification.h */,
				D6676F5B196BC84800F484FE /* ZXRemoteNotification.m */,
				D6676F40196A3ADB00F484FE /* VNLoginViewController.h */,
				D6676F41196A3ADB00F484FE /* VNLoginViewController.m */,
			);
			path = Login;
			sourceTree = "<group>";
		};
		D6676F63196E81BB00F484FE /* Utility */ = {
			isa = PBXGroup;
			children = (
				D6676F7E1976AD5C00F484FE /* BMNavigationController.h */,
				D6676F7F1976AD5C00F484FE /* BMNavigationController.m */,
				D6676F75197523A900F484FE /* AGEmojiKeyboard */,
				D6676F64196E81BB00F484FE /* NavigationControllerDelegate.h */,
				D6676F65196E81BB00F484FE /* NavigationControllerDelegate.m */,
				D6676F66196E81BB00F484FE /* VNUtility.h */,
				D6676F67196E81BB00F484FE /* VNUtility.m */,
			);
			path = Utility;
			sourceTree = "<group>";
		};
		D6676F75197523A900F484FE /* AGEmojiKeyboard */ = {
			isa = PBXGroup;
			children = (
				D6676F76197523A900F484FE /* AGEmojiKeyBoardView.h */,
				D6676F77197523A900F484FE /* AGEmojiKeyBoardView.m */,
				D6676F78197523A900F484FE /* AGEmojiPageView.h */,
				D6676F79197523A900F484FE /* AGEmojiPageView.m */,
				D6676F7A197523A900F484FE /* EmojisList.plist */,
			);
			path = AGEmojiKeyboard;
			sourceTree = "<group>";
		};
		D6676F86197806B900F484FE /* Profile */ = {
			isa = PBXGroup;
			children = (
				D6676F87197806CE00F484FE /* VNProfileViewController.h */,
				D6676F88197806CE00F484FE /* VNProfileViewController.m */,
				D6676F8A1979114300F484FE /* VNMineProfileViewController.h */,
				D6676F8B1979114300F484FE /* VNMineProfileViewController.m */,
				D6676F8D197916D400F484FE /* VNProfileVideoTableViewCell.h */,
				D6676F8E197916D400F484FE /* VNProfileVideoTableViewCell.m */,
				D6676F8F197916D400F484FE /* VNProfileVideoTableViewCell.xib */,
				D6676F92197916F600F484FE /* VNProfileFansTableViewCell.h */,
				D6676F93197916F600F484FE /* VNProfileFansTableViewCell.m */,
				D6676F94197916F600F484FE /* VNProfileFansTableViewCell.xib */,
				D6676F97197CBACD00F484FE /* VNMineProfileHeaderView.h */,
				D6676F98197CBACD00F484FE /* VNMineProfileHeaderView.m */,
				D6676F9A197CBADE00F484FE /* VNMineProfileHeaderView.xib */,
				D6676F9C197F587F00F484FE /* VNUserProfileHeaderView.h */,
				D6676F9D197F587F00F484FE /* VNUserProfileHeaderView.m */,
				D6676F9F197F589800F484FE /* VNUserProfileHeaderView.xib */,
				D68CB4F21980F0D600236517 /* VNProfileDetailViewController.h */,
				D68CB4F31980F0D600236517 /* VNProfileDetailViewController.m */,
				D68CB4F51981063F00236517 /* VNOriginImgViewController.h */,
				D68CB4F61981063F00236517 /* VNOriginImgViewController.m */,
				D68CB4F819822C6300236517 /* VNEditProfileViewController.h */,
				D68CB4F919822C6300236517 /* VNEditProfileViewController.m */,
				D68CB4FB19823D1700236517 /* VNEditProfileTableViewCell.h */,
				D68CB4FC19823D1700236517 /* VNEditProfileTableViewCell.m */,
				D68CB4FE1982503F00236517 /* VNEditContentViewController.h */,
				D68CB4FF1982503F00236517 /* VNEditContentViewController.m */,
			);
			path = Profile;
			sourceTree = "<group>";
		};
		D6FED741195AC1C100AD10E0 = {
			isa = PBXGroup;
			children = (
				D6FED753195AC1C100AD10E0 /* VideoNews */,
				D6FED772195AC1C100AD10E0 /* VideoNewsTests */,
				D6FED74C195AC1C100AD10E0 /* Frameworks */,
				D6FED74B195AC1C100AD10E0 /* Products */,
				CC7C0720D5F047B7B4DBA24C /* Pods-VideoNews.xcconfig */,
			);
			sourceTree = "<group>";
		};
		D6FED74B195AC1C100AD10E0 /* Products */ = {
			isa = PBXGroup;
			children = (
				D6FED74A195AC1C100AD10E0 /* VideoNews.app */,
				D6FED76B195AC1C100AD10E0 /* VideoNewsTests.xctest */,
			);
			name = Products;
			sourceTree = "<group>";
		};
		D6FED74C195AC1C100AD10E0 /* Frameworks */ = {
			isa = PBXGroup;
			children = (
				D6676F6A196E87A500F484FE /* MediaPlayer.framework */,
				D6429727196695C6004E218C /* libz.dylib */,
				D6429725196695BE004E218C /* libstdc++.dylib */,
				D6429723196695B2004E218C /* CoreTelephony.framework */,
				D6429721196695AC004E218C /* libsqlite3.dylib */,
				D642971F19669593004E218C /* SystemConfiguration.framework */,
				D642971D19669588004E218C /* libiconv.dylib */,
				D642971B1966957A004E218C /* Security.framework */,
				D6FED74D195AC1C100AD10E0 /* Foundation.framework */,
				D6FED74F195AC1C100AD10E0 /* CoreGraphics.framework */,
				D6FED751195AC1C100AD10E0 /* UIKit.framework */,
				D6FED76C195AC1C100AD10E0 /* XCTest.framework */,
				E00FF5A8750C4FA0814704DC /* libPods-VideoNews.a */,
			);
			name = Frameworks;
			sourceTree = "<group>";
		};
		D6FED753195AC1C100AD10E0 /* VideoNews */ = {
			isa = PBXGroup;
			children = (
				269B0824197DF96400CF4ADC /* upload */,
				D6676F86197806B900F484FE /* Profile */,
				D6676F63196E81BB00F484FE /* Utility */,
				26962049196E75DF00EA06B3 /* Notification */,
				D6676F3F196A3ABE00F484FE /* Login */,
				D6FED793195C076500AD10E0 /* Model */,
				D6FED78C195C009F00AD10E0 /* Data */,
				D6FED785195BFF5F00AD10E0 /* Home */,
				D6FED788195BFF5F00AD10E0 /* Search */,
				D6FED75C195AC1C100AD10E0 /* VNAppDelegate.h */,
				D6FED75D195AC1C100AD10E0 /* VNAppDelegate.m */,
				D6FED782195BC50000AD10E0 /* VNTabBarViewController.h */,
				D6FED783195BC50000AD10E0 /* VNTabBarViewController.m */,
				D6FED75F195AC1C100AD10E0 /* Main.storyboard */,
				D6FED765195AC1C100AD10E0 /* Images.xcassets */,
				D6FED754195AC1C100AD10E0 /* Supporting Files */,
			);
			path = VideoNews;
			sourceTree = "<group>";
		};
		D6FED754195AC1C100AD10E0 /* Supporting Files */ = {
			isa = PBXGroup;
			children = (
				D64296D919668EE4004E218C /* Umeng */,
				D6FED755195AC1C100AD10E0 /* VideoNews-Info.plist */,
				D6FED756195AC1C100AD10E0 /* InfoPlist.strings */,
				D6FED759195AC1C100AD10E0 /* main.m */,
				D6FED75B195AC1C100AD10E0 /* VideoNews-Prefix.pch */,
			);
			name = "Supporting Files";
			sourceTree = "<group>";
		};
		D6FED772195AC1C100AD10E0 /* VideoNewsTests */ = {
			isa = PBXGroup;
			children = (
				D6FED778195AC1C100AD10E0 /* VideoNewsTests.m */,
				D6FED773195AC1C100AD10E0 /* Supporting Files */,
			);
			path = VideoNewsTests;
			sourceTree = "<group>";
		};
		D6FED773195AC1C100AD10E0 /* Supporting Files */ = {
			isa = PBXGroup;
			children = (
				D6FED774195AC1C100AD10E0 /* VideoNewsTests-Info.plist */,
				D6FED775195AC1C100AD10E0 /* InfoPlist.strings */,
			);
			name = "Supporting Files";
			sourceTree = "<group>";
		};
		D6FED785195BFF5F00AD10E0 /* Home */ = {
			isa = PBXGroup;
			children = (
				14334349197BA70600F48022 /* VNVideo */,
				D6FED789195BFF7D00AD10E0 /* VNHomeViewController.h */,
				D6FED78A195BFF7D00AD10E0 /* VNHomeViewController.m */,
				D6FED7A0195D1BD400AD10E0 /* VNQuiltViewCell.h */,
				D6FED7A1195D1BD400AD10E0 /* VNQuiltViewCell.m */,
				D66F7A4019619EFE00EA72BC /* VNNewsDetailViewController.h */,
				D66F7A4119619EFE00EA72BC /* VNNewsDetailViewController.m */,
				D66F7A4319619FAF00EA72BC /* VNDetailHeaderView.h */,
				D66F7A4419619FAF00EA72BC /* VNDetailHeaderView.m */,
				D66F7A4619619FC800EA72BC /* VNDetailHeaderView.xib */,
				D6E858971963E9FF0055C603 /* VNCommentTableViewCell.h */,
				D6E858981963E9FF0055C603 /* VNCommentTableViewCell.m */,
				D6E858991963E9FF0055C603 /* VNCommentTableViewCell.xib */,
			);
			path = Home;
			sourceTree = "<group>";
		};
		D6FED788195BFF5F00AD10E0 /* Search */ = {
			isa = PBXGroup;
			children = (
				D6FED7A5195D5CD500AD10E0 /* VNSearchViewController.h */,
				D6FED7A6195D5CD600AD10E0 /* VNSearchViewController.m */,
				D64296CC19653A27004E218C /* VNSearchWordViewController.h */,
				D64296CD19653A27004E218C /* VNSearchWordViewController.m */,
				D6FED7AA195ECD2800AD10E0 /* VNCategoryCollectionViewCell.h */,
				D6FED7AB195ECD2800AD10E0 /* VNCategoryCollectionViewCell.m */,
				D64296C31964FB05004E218C /* VNResultViewController.h */,
				D64296C41964FB05004E218C /* VNResultViewController.m */,
				D64296C919652FB6004E218C /* VNSearchField.h */,
				D64296CA19652FB6004E218C /* VNSearchField.m */,
				D64296CF19653E51004E218C /* VNSearchTabHeaderView.h */,
				D64296D019653E51004E218C /* VNSearchTabHeaderView.m */,
				D64296D219653E62004E218C /* VNSearchTabHeaderView.xib */,
				D64296D419654C5B004E218C /* VNSearchResultTableViewCell.h */,
				D64296D519654C5B004E218C /* VNSearchResultTableViewCell.m */,
				D64296D619654C5B004E218C /* VNSearchResultTableViewCell.xib */,
				D6676F6F196F885100F484FE /* VNUserResultViewController.h */,
				D6676F70196F885100F484FE /* VNUserResultViewController.m */,
				D6676F72196F940C00F484FE /* VNUserResultCollectionViewCell.h */,
				D6676F73196F940C00F484FE /* VNUserResultCollectionViewCell.m */,
			);
			path = Search;
			sourceTree = "<group>";
		};
		D6FED78C195C009F00AD10E0 /* Data */ = {
			isa = PBXGroup;
			children = (
				D6FED78D195C017500AD10E0 /* VNHTTPRequestManager.h */,
				D6FED78E195C017500AD10E0 /* VNHTTPRequestManager.m */,
				D64296C619652AC4004E218C /* VNCacheDataManager.h */,
				D64296C719652AC4004E218C /* VNCacheDataManager.m */,
				D6FED790195C030D00AD10E0 /* VNKey.h */,
				D6FED791195C030D00AD10E0 /* VNKey.m */,
			);
			path = Data;
			sourceTree = "<group>";
		};
		D6FED793195C076500AD10E0 /* Model */ = {
			isa = PBXGroup;
			children = (
				D6FED794195C07E100AD10E0 /* VNObject.h */,
				D6FED795195C07E100AD10E0 /* VNObject.m */,
				D6FED797195C08D000AD10E0 /* VNNews.h */,
				D6FED798195C08D000AD10E0 /* VNNews.m */,
				D6FED79A195C0A6D00AD10E0 /* VNUser.h */,
				D6FED79B195C0A6D00AD10E0 /* VNUser.m */,
				D6FED79D195C121D00AD10E0 /* VNMedia.h */,
				D6FED79E195C121D00AD10E0 /* VNMedia.m */,
				D6FED7AF195ED38D00AD10E0 /* VNCategory.h */,
				D6FED7B0195ED38D00AD10E0 /* VNCategory.m */,
				D66F7A9C1963D78500EA72BC /* VNComment.h */,
				D66F7A9D1963D78500EA72BC /* VNComment.m */,
				D6676F51196B799800F484FE /* VNWeixinCodeResponse.h */,
				D6676F52196B799800F484FE /* VNWeixinCodeResponse.m */,
				D6676F54196B7E0000F484FE /* VNAuthUser.h */,
				D6676F55196B7E0000F484FE /* VNAuthUser.m */,
				26962046196E4AF600EA06B3 /* VNMessage.h */,
				26962047196E4AF600EA06B3 /* VNMessage.m */,
			);
			path = Model;
			sourceTree = "<group>";
		};
/* End PBXGroup section */

/* Begin PBXNativeTarget section */
		D6FED749195AC1C100AD10E0 /* VideoNews */ = {
			isa = PBXNativeTarget;
			buildConfigurationList = D6FED77C195AC1C100AD10E0 /* Build configuration list for PBXNativeTarget "VideoNews" */;
			buildPhases = (
				207592E1A377467090931202 /* Check Pods Manifest.lock */,
				D6FED746195AC1C100AD10E0 /* Sources */,
				D6FED747195AC1C100AD10E0 /* Frameworks */,
				D6FED748195AC1C100AD10E0 /* Resources */,
				51F25034AC6D403D91690FF3 /* Copy Pods Resources */,
			);
			buildRules = (
			);
			dependencies = (
			);
			name = VideoNews;
			productName = VideoNews;
			productReference = D6FED74A195AC1C100AD10E0 /* VideoNews.app */;
			productType = "com.apple.product-type.application";
		};
		D6FED76A195AC1C100AD10E0 /* VideoNewsTests */ = {
			isa = PBXNativeTarget;
			buildConfigurationList = D6FED77F195AC1C200AD10E0 /* Build configuration list for PBXNativeTarget "VideoNewsTests" */;
			buildPhases = (
				D6FED767195AC1C100AD10E0 /* Sources */,
				D6FED768195AC1C100AD10E0 /* Frameworks */,
				D6FED769195AC1C100AD10E0 /* Resources */,
			);
			buildRules = (
			);
			dependencies = (
				D6FED771195AC1C100AD10E0 /* PBXTargetDependency */,
			);
			name = VideoNewsTests;
			productName = VideoNewsTests;
			productReference = D6FED76B195AC1C100AD10E0 /* VideoNewsTests.xctest */;
			productType = "com.apple.product-type.bundle.unit-test";
		};
/* End PBXNativeTarget section */

/* Begin PBXProject section */
		D6FED742195AC1C100AD10E0 /* Project object */ = {
			isa = PBXProject;
			attributes = {
				CLASSPREFIX = VN;
				LastUpgradeCheck = 0510;
				ORGANIZATIONNAME = "Manyu Zhu";
				TargetAttributes = {
					D6FED76A195AC1C100AD10E0 = {
						TestTargetID = D6FED749195AC1C100AD10E0;
					};
				};
			};
			buildConfigurationList = D6FED745195AC1C100AD10E0 /* Build configuration list for PBXProject "VideoNews" */;
			compatibilityVersion = "Xcode 3.2";
			developmentRegion = English;
			hasScannedForEncodings = 0;
			knownRegions = (
				en,
				Base,
				"zh-Hans",
			);
			mainGroup = D6FED741195AC1C100AD10E0;
			productRefGroup = D6FED74B195AC1C100AD10E0 /* Products */;
			projectDirPath = "";
			projectRoot = "";
			targets = (
				D6FED749195AC1C100AD10E0 /* VideoNews */,
				D6FED76A195AC1C100AD10E0 /* VideoNewsTests */,
			);
		};
/* End PBXProject section */

/* Begin PBXResourcesBuildPhase section */
		D6FED748195AC1C100AD10E0 /* Resources */ = {
			isa = PBXResourcesBuildPhase;
			buildActionMask = 2147483647;
			files = (
				269755CF19712580005DEDEE /* VNNotificationUserTableViewCell.xib in Resources */,
				D642970B19668EE4004E218C /* UMSocialLocalizable.strings in Resources */,
				D642970A19668EE4004E218C /* umFeedback.bundle in Resources */,
				D64296D819654C5C004E218C /* VNSearchResultTableViewCell.xib in Resources */,
				D6676FA0197F589800F484FE /* VNUserProfileHeaderView.xib in Resources */,
				D6FED766195AC1C100AD10E0 /* Images.xcassets in Resources */,
				D6E8589B1963E9FF0055C603 /* VNCommentTableViewCell.xib in Resources */,
				D6676F9B197CBADE00F484FE /* VNMineProfileHeaderView.xib in Resources */,
				D642970D19668EE4004E218C /* UMSCommentDetailController.xib in Resources */,
				D642971319668EE4004E218C /* UMSnsAccountViewController.xib in Resources */,
				D6676F91197916D400F484FE /* VNProfileVideoTableViewCell.xib in Resources */,
				D66F7A4719619FC800EA72BC /* VNDetailHeaderView.xib in Resources */,
				D642971219668EE4004E218C /* UMSLoginViewController.xib in Resources */,
				D642970E19668EE4004E218C /* UMSCommentInputController.xib in Resources */,
				D6676F96197916F600F484FE /* VNProfileFansTableViewCell.xib in Resources */,
				D6FED758195AC1C100AD10E0 /* InfoPlist.strings in Resources */,
				D642970F19668EE4004E218C /* UMSCommentInputControlleriPad.xib in Resources */,
				D642971419668EE4004E218C /* UMSShareListController.xib in Resources */,
				D642971519668EE4004E218C /* UMSocialSDKResourcesNew.bundle in Resources */,
				269755CA19710E75005DEDEE /* VNNotificationReplyTableViewCell.xib in Resources */,
				D6FED761195AC1C100AD10E0 /* Main.storyboard in Resources */,
				D64296D319653E62004E218C /* VNSearchTabHeaderView.xib in Resources */,
				D642971819668EE4004E218C /* TencentOpenApi_IOS_Bundle.bundle in Resources */,
				D6676F7D197523A900F484FE /* EmojisList.plist in Resources */,
				D642971119668EE4004E218C /* UMShareEditViewControlleriPad.xib in Resources */,
				D642971019668EE4004E218C /* UMShareEditViewController.xib in Resources */,
			);
			runOnlyForDeploymentPostprocessing = 0;
		};
		D6FED769195AC1C100AD10E0 /* Resources */ = {
			isa = PBXResourcesBuildPhase;
			buildActionMask = 2147483647;
			files = (
				D6FED777195AC1C100AD10E0 /* InfoPlist.strings in Resources */,
			);
			runOnlyForDeploymentPostprocessing = 0;
		};
/* End PBXResourcesBuildPhase section */

/* Begin PBXShellScriptBuildPhase section */
		207592E1A377467090931202 /* Check Pods Manifest.lock */ = {
			isa = PBXShellScriptBuildPhase;
			buildActionMask = 2147483647;
			files = (
			);
			inputPaths = (
			);
			name = "Check Pods Manifest.lock";
			outputPaths = (
			);
			runOnlyForDeploymentPostprocessing = 0;
			shellPath = /bin/sh;
			shellScript = "diff \"${PODS_ROOT}/../Podfile.lock\" \"${PODS_ROOT}/Manifest.lock\" > /dev/null\nif [[ $? != 0 ]] ; then\n    cat << EOM\nerror: The sandbox is not in sync with the Podfile.lock. Run 'pod install' or update your CocoaPods installation.\nEOM\n    exit 1\nfi\n";
			showEnvVarsInLog = 0;
		};
		51F25034AC6D403D91690FF3 /* Copy Pods Resources */ = {
			isa = PBXShellScriptBuildPhase;
			buildActionMask = 2147483647;
			files = (
			);
			inputPaths = (
			);
			name = "Copy Pods Resources";
			outputPaths = (
			);
			runOnlyForDeploymentPostprocessing = 0;
			shellPath = /bin/sh;
			shellScript = "\"${SRCROOT}/Pods/Pods-VideoNews-resources.sh\"\n";
			showEnvVarsInLog = 0;
		};
/* End PBXShellScriptBuildPhase section */

/* Begin PBXSourcesBuildPhase section */
		D6FED746195AC1C100AD10E0 /* Sources */ = {
			isa = PBXSourcesBuildPhase;
			buildActionMask = 2147483647;
			files = (
				14E552A1197CDB0A00512C81 /* UIImageView+LBBlurredImage.m in Sources */,
				14E5529E197CD96500512C81 /* VNCustomizedActionSheet.m in Sources */,
				D64296CB19652FB6004E218C /* VNSearchField.m in Sources */,
				D64296C819652AC4004E218C /* VNCacheDataManager.m in Sources */,
				D6676F99197CBACD00F484FE /* VNMineProfileHeaderView.m in Sources */,
				D6676F71196F885100F484FE /* VNUserResultViewController.m in Sources */,
				269755C5197061BD005DEDEE /* VNUserViewController.m in Sources */,
				D64296CE19653A27004E218C /* VNSearchWordViewController.m in Sources */,
				D68CB4FD19823D1700236517 /* VNEditProfileTableViewCell.m in Sources */,
				D6676F90197916D400F484FE /* VNProfileVideoTableViewCell.m in Sources */,
				D68CB4F71981063F00236517 /* VNOriginImgViewController.m in Sources */,
				D6676F53196B799800F484FE /* VNWeixinCodeResponse.m in Sources */,
				269B0827197DF96400CF4ADC /* OSSClient.m in Sources */,
				269755CE19712580005DEDEE /* VNNotificationUserTableViewCell.m in Sources */,
				D6676F42196A3ADB00F484FE /* VNLoginViewController.m in Sources */,
				D6676F7B197523A900F484FE /* AGEmojiKeyBoardView.m in Sources */,
				D6FED75E195AC1C100AD10E0 /* VNAppDelegate.m in Sources */,
				D64296D719654C5B004E218C /* VNSearchResultTableViewCell.m in Sources */,
				D6FED78B195BFF7D00AD10E0 /* VNHomeViewController.m in Sources */,
				D6FED796195C07E100AD10E0 /* VNObject.m in Sources */,
				D6676F9E197F587F00F484FE /* VNUserProfileHeaderView.m in Sources */,
				D6FED78F195C017500AD10E0 /* VNHTTPRequestManager.m in Sources */,
				D6676F5C196BC84800F484FE /* ZXRemoteNotification.m in Sources */,
				1433433F197B83A600F48022 /* VNVideoCoverSettingController.m in Sources */,
				D6FED799195C08D000AD10E0 /* VNNews.m in Sources */,
				D6676F89197806CE00F484FE /* VNProfileViewController.m in Sources */,
				D6676F8C1979114300F484FE /* VNMineProfileViewController.m in Sources */,
				D6676F7C197523A900F484FE /* AGEmojiPageView.m in Sources */,
				147F9876197FA912002A1177 /* VNAlbumVideoEditController.m in Sources */,
				D6676F56196B7E0000F484FE /* VNAuthUser.m in Sources */,
				D6676F95197916F600F484FE /* VNProfileFansTableViewCell.m in Sources */,
				D6FED792195C030D00AD10E0 /* VNKey.m in Sources */,
				D6FED7AC195ECD2800AD10E0 /* VNCategoryCollectionViewCell.m in Sources */,
				D6FED75A195AC1C100AD10E0 /* main.m in Sources */,
				D6FED79C195C0A6D00AD10E0 /* VNUser.m in Sources */,
				D68CB4FA19822C6300236517 /* VNEditProfileViewController.m in Sources */,
				D68CB4F41980F0D600236517 /* VNProfileDetailViewController.m in Sources */,
				149D9124197E3E4500DF4346 /* VNVideoCaptureViewController.m in Sources */,
				D64296D119653E51004E218C /* VNSearchTabHeaderView.m in Sources */,
				2696204C196E75DF00EA06B3 /* VNNotificationViewController.m in Sources */,
				D6676F74196F940C00F484FE /* VNUserResultCollectionViewCell.m in Sources */,
				D6FED7A7195D5CD600AD10E0 /* VNSearchViewController.m in Sources */,
				149D9127197E53FD00DF4346 /* VNCustomizedAlbumPickerController.m in Sources */,
				269755C919710E75005DEDEE /* VNNotificationReplyTableViewCell.m in Sources */,
				149D9121197E3AE000DF4346 /* VNProgressView.m in Sources */,
				D66F7A4519619FAF00EA72BC /* VNDetailHeaderView.m in Sources */,
				26962048196E4AF600EA06B3 /* VNMessage.m in Sources */,
				D6FED79F195C121D00AD10E0 /* VNMedia.m in Sources */,
				D6676F801976AD5C00F484FE /* BMNavigationController.m in Sources */,
				D6FED7B1195ED38D00AD10E0 /* VNCategory.m in Sources */,
				D66F7A9E1963D78500EA72BC /* VNComment.m in Sources */,
				1433434F197C061200F48022 /* VNVideoFramesView.m in Sources */,
				D66F7A4219619EFE00EA72BC /* VNNewsDetailViewController.m in Sources */,
				147F9873197F8D98002A1177 /* VNDraftListController.m in Sources */,
				14334348197B99AD00F48022 /* VNAVPlayerPlayView.m in Sources */,
				D6E8589A1963E9FF0055C603 /* VNCommentTableViewCell.m in Sources */,
				14FBC6F2197777D200A911DC /* VNCameraOverlayView.m in Sources */,
				D64296C51964FB05004E218C /* VNResultViewController.m in Sources */,
				D6FED784195BC50000AD10E0 /* VNTabBarViewController.m in Sources */,
				D6FED7A2195D1BD400AD10E0 /* VNQuiltViewCell.m in Sources */,
				D68CB5001982503F00236517 /* VNEditContentViewController.m in Sources */,
				14747CF4197FDD6E0059A68C /* VNProgressViewForAlbum.m in Sources */,
				D6676F69196E81BB00F484FE /* VNUtility.m in Sources */,
				D6676F68196E81BB00F484FE /* NavigationControllerDelegate.m in Sources */,
			);
			runOnlyForDeploymentPostprocessing = 0;
		};
		D6FED767195AC1C100AD10E0 /* Sources */ = {
			isa = PBXSourcesBuildPhase;
			buildActionMask = 2147483647;
			files = (
				D6FED779195AC1C100AD10E0 /* VideoNewsTests.m in Sources */,
			);
			runOnlyForDeploymentPostprocessing = 0;
		};
/* End PBXSourcesBuildPhase section */

/* Begin PBXTargetDependency section */
		D6FED771195AC1C100AD10E0 /* PBXTargetDependency */ = {
			isa = PBXTargetDependency;
			target = D6FED749195AC1C100AD10E0 /* VideoNews */;
			targetProxy = D6FED770195AC1C100AD10E0 /* PBXContainerItemProxy */;
		};
/* End PBXTargetDependency section */

/* Begin PBXVariantGroup section */
		D64296E219668EE4004E218C /* UMSocialLocalizable.strings */ = {
			isa = PBXVariantGroup;
			children = (
				D64296E319668EE4004E218C /* en */,
				D64296FB19668EE4004E218C /* zh-Hans */,
			);
			name = UMSocialLocalizable.strings;
			sourceTree = "<group>";
		};
		D6FED756195AC1C100AD10E0 /* InfoPlist.strings */ = {
			isa = PBXVariantGroup;
			children = (
				D6FED757195AC1C100AD10E0 /* en */,
			);
			name = InfoPlist.strings;
			sourceTree = "<group>";
		};
		D6FED75F195AC1C100AD10E0 /* Main.storyboard */ = {
			isa = PBXVariantGroup;
			children = (
				D6FED760195AC1C100AD10E0 /* Base */,
			);
			name = Main.storyboard;
			sourceTree = "<group>";
		};
		D6FED775195AC1C100AD10E0 /* InfoPlist.strings */ = {
			isa = PBXVariantGroup;
			children = (
				D6FED776195AC1C100AD10E0 /* en */,
			);
			name = InfoPlist.strings;
			sourceTree = "<group>";
		};
/* End PBXVariantGroup section */

/* Begin XCBuildConfiguration section */
		D6FED77A195AC1C100AD10E0 /* Debug */ = {
			isa = XCBuildConfiguration;
			buildSettings = {
				ALWAYS_SEARCH_USER_PATHS = NO;
				CLANG_CXX_LANGUAGE_STANDARD = "gnu++0x";
				CLANG_CXX_LIBRARY = "libc++";
				CLANG_ENABLE_MODULES = YES;
				CLANG_ENABLE_OBJC_ARC = YES;
				CLANG_WARN_BOOL_CONVERSION = YES;
				CLANG_WARN_CONSTANT_CONVERSION = YES;
				CLANG_WARN_DIRECT_OBJC_ISA_USAGE = YES_ERROR;
				CLANG_WARN_EMPTY_BODY = YES;
				CLANG_WARN_ENUM_CONVERSION = YES;
				CLANG_WARN_INT_CONVERSION = YES;
				CLANG_WARN_OBJC_ROOT_CLASS = YES_ERROR;
				CLANG_WARN__DUPLICATE_METHOD_MATCH = YES;
				"CODE_SIGN_IDENTITY[sdk=iphoneos*]" = "iPhone Developer";
				COPY_PHASE_STRIP = NO;
				GCC_C_LANGUAGE_STANDARD = gnu99;
				GCC_DYNAMIC_NO_PIC = NO;
				GCC_OPTIMIZATION_LEVEL = 0;
				GCC_PREPROCESSOR_DEFINITIONS = (
					"DEBUG=1",
					"$(inherited)",
				);
				GCC_SYMBOLS_PRIVATE_EXTERN = NO;
				GCC_WARN_64_TO_32_BIT_CONVERSION = YES;
				GCC_WARN_ABOUT_RETURN_TYPE = YES_ERROR;
				GCC_WARN_UNDECLARED_SELECTOR = YES;
				GCC_WARN_UNINITIALIZED_AUTOS = YES_AGGRESSIVE;
				GCC_WARN_UNUSED_FUNCTION = YES;
				GCC_WARN_UNUSED_VARIABLE = YES;
				IPHONEOS_DEPLOYMENT_TARGET = 7.1;
				ONLY_ACTIVE_ARCH = YES;
				SDKROOT = iphoneos;
			};
			name = Debug;
		};
		D6FED77B195AC1C100AD10E0 /* Release */ = {
			isa = XCBuildConfiguration;
			buildSettings = {
				ALWAYS_SEARCH_USER_PATHS = NO;
				CLANG_CXX_LANGUAGE_STANDARD = "gnu++0x";
				CLANG_CXX_LIBRARY = "libc++";
				CLANG_ENABLE_MODULES = YES;
				CLANG_ENABLE_OBJC_ARC = YES;
				CLANG_WARN_BOOL_CONVERSION = YES;
				CLANG_WARN_CONSTANT_CONVERSION = YES;
				CLANG_WARN_DIRECT_OBJC_ISA_USAGE = YES_ERROR;
				CLANG_WARN_EMPTY_BODY = YES;
				CLANG_WARN_ENUM_CONVERSION = YES;
				CLANG_WARN_INT_CONVERSION = YES;
				CLANG_WARN_OBJC_ROOT_CLASS = YES_ERROR;
				CLANG_WARN__DUPLICATE_METHOD_MATCH = YES;
				"CODE_SIGN_IDENTITY[sdk=iphoneos*]" = "iPhone Developer";
				COPY_PHASE_STRIP = YES;
				ENABLE_NS_ASSERTIONS = NO;
				GCC_C_LANGUAGE_STANDARD = gnu99;
				GCC_WARN_64_TO_32_BIT_CONVERSION = YES;
				GCC_WARN_ABOUT_RETURN_TYPE = YES_ERROR;
				GCC_WARN_UNDECLARED_SELECTOR = YES;
				GCC_WARN_UNINITIALIZED_AUTOS = YES_AGGRESSIVE;
				GCC_WARN_UNUSED_FUNCTION = YES;
				GCC_WARN_UNUSED_VARIABLE = YES;
				IPHONEOS_DEPLOYMENT_TARGET = 7.1;
				SDKROOT = iphoneos;
				VALIDATE_PRODUCT = YES;
			};
			name = Release;
		};
		D6FED77D195AC1C100AD10E0 /* Debug */ = {
			isa = XCBuildConfiguration;
			baseConfigurationReference = CC7C0720D5F047B7B4DBA24C /* Pods-VideoNews.xcconfig */;
			buildSettings = {
				ARCHS = "$(ARCHS_STANDARD_32_BIT)";
				ASSETCATALOG_COMPILER_APPICON_NAME = AppIcon;
				ASSETCATALOG_COMPILER_LAUNCHIMAGE_NAME = LaunchImage;
				FRAMEWORK_SEARCH_PATHS = (
					"$(inherited)",
					"$(PROJECT_DIR)/VideoNews/Umeng/UMSocial_Sdk_Extra_Frameworks/TencentOpenAPI",
				);
				GCC_PRECOMPILE_PREFIX_HEADER = YES;
				GCC_PREFIX_HEADER = "VideoNews/VideoNews-Prefix.pch";
				INFOPLIST_FILE = "VideoNews/VideoNews-Info.plist";
				IPHONEOS_DEPLOYMENT_TARGET = 7.0;
				LIBRARY_SEARCH_PATHS = (
					"$(inherited)",
					"$(PROJECT_DIR)/VideoNews/Umeng/UMAnalytics_Sdk_3.1.2",
					"$(PROJECT_DIR)/VideoNews/Umeng/UMFeedback_Sdk",
					"$(PROJECT_DIR)/VideoNews/Umeng/UMSocial_Sdk_3.3.8",
					"$(PROJECT_DIR)/VideoNews/Umeng/UMSocial_Sdk_Extra_Frameworks/TencentOpenAPI",
					"$(PROJECT_DIR)/VideoNews/Umeng/UMSocial_Sdk_Extra_Frameworks/Wechat",
				);
				PRODUCT_NAME = "$(TARGET_NAME)";
				PROVISIONING_PROFILE = "";
				WRAPPER_EXTENSION = app;
			};
			name = Debug;
		};
		D6FED77E195AC1C100AD10E0 /* Release */ = {
			isa = XCBuildConfiguration;
			baseConfigurationReference = CC7C0720D5F047B7B4DBA24C /* Pods-VideoNews.xcconfig */;
			buildSettings = {
				ARCHS = "$(ARCHS_STANDARD_32_BIT)";
				ASSETCATALOG_COMPILER_APPICON_NAME = AppIcon;
				ASSETCATALOG_COMPILER_LAUNCHIMAGE_NAME = LaunchImage;
				FRAMEWORK_SEARCH_PATHS = (
					"$(inherited)",
					"$(PROJECT_DIR)/VideoNews/Umeng/UMSocial_Sdk_Extra_Frameworks/TencentOpenAPI",
				);
				GCC_PRECOMPILE_PREFIX_HEADER = YES;
				GCC_PREFIX_HEADER = "VideoNews/VideoNews-Prefix.pch";
				INFOPLIST_FILE = "VideoNews/VideoNews-Info.plist";
				IPHONEOS_DEPLOYMENT_TARGET = 7.0;
				LIBRARY_SEARCH_PATHS = (
					"$(inherited)",
					"$(PROJECT_DIR)/VideoNews/Umeng/UMAnalytics_Sdk_3.1.2",
					"$(PROJECT_DIR)/VideoNews/Umeng/UMFeedback_Sdk",
					"$(PROJECT_DIR)/VideoNews/Umeng/UMSocial_Sdk_3.3.8",
					"$(PROJECT_DIR)/VideoNews/Umeng/UMSocial_Sdk_Extra_Frameworks/TencentOpenAPI",
					"$(PROJECT_DIR)/VideoNews/Umeng/UMSocial_Sdk_Extra_Frameworks/Wechat",
				);
				PRODUCT_NAME = "$(TARGET_NAME)";
				PROVISIONING_PROFILE = "";
				WRAPPER_EXTENSION = app;
			};
			name = Release;
		};
		D6FED780195AC1C200AD10E0 /* Debug */ = {
			isa = XCBuildConfiguration;
			buildSettings = {
				BUNDLE_LOADER = "$(BUILT_PRODUCTS_DIR)/VideoNews.app/VideoNews";
				FRAMEWORK_SEARCH_PATHS = (
					"$(SDKROOT)/Developer/Library/Frameworks",
					"$(inherited)",
					"$(DEVELOPER_FRAMEWORKS_DIR)",
				);
				GCC_PRECOMPILE_PREFIX_HEADER = YES;
				GCC_PREFIX_HEADER = "VideoNews/VideoNews-Prefix.pch";
				GCC_PREPROCESSOR_DEFINITIONS = (
					"DEBUG=1",
					"$(inherited)",
				);
				INFOPLIST_FILE = "VideoNewsTests/VideoNewsTests-Info.plist";
				PRODUCT_NAME = "$(TARGET_NAME)";
				TEST_HOST = "$(BUNDLE_LOADER)";
				WRAPPER_EXTENSION = xctest;
			};
			name = Debug;
		};
		D6FED781195AC1C200AD10E0 /* Release */ = {
			isa = XCBuildConfiguration;
			buildSettings = {
				BUNDLE_LOADER = "$(BUILT_PRODUCTS_DIR)/VideoNews.app/VideoNews";
				FRAMEWORK_SEARCH_PATHS = (
					"$(SDKROOT)/Developer/Library/Frameworks",
					"$(inherited)",
					"$(DEVELOPER_FRAMEWORKS_DIR)",
				);
				GCC_PRECOMPILE_PREFIX_HEADER = YES;
				GCC_PREFIX_HEADER = "VideoNews/VideoNews-Prefix.pch";
				INFOPLIST_FILE = "VideoNewsTests/VideoNewsTests-Info.plist";
				PRODUCT_NAME = "$(TARGET_NAME)";
				TEST_HOST = "$(BUNDLE_LOADER)";
				WRAPPER_EXTENSION = xctest;
			};
			name = Release;
		};
/* End XCBuildConfiguration section */

/* Begin XCConfigurationList section */
		D6FED745195AC1C100AD10E0 /* Build configuration list for PBXProject "VideoNews" */ = {
			isa = XCConfigurationList;
			buildConfigurations = (
				D6FED77A195AC1C100AD10E0 /* Debug */,
				D6FED77B195AC1C100AD10E0 /* Release */,
			);
			defaultConfigurationIsVisible = 0;
			defaultConfigurationName = Release;
		};
		D6FED77C195AC1C100AD10E0 /* Build configuration list for PBXNativeTarget "VideoNews" */ = {
			isa = XCConfigurationList;
			buildConfigurations = (
				D6FED77D195AC1C100AD10E0 /* Debug */,
				D6FED77E195AC1C100AD10E0 /* Release */,
			);
			defaultConfigurationIsVisible = 0;
			defaultConfigurationName = Release;
		};
		D6FED77F195AC1C200AD10E0 /* Build configuration list for PBXNativeTarget "VideoNewsTests" */ = {
			isa = XCConfigurationList;
			buildConfigurations = (
				D6FED780195AC1C200AD10E0 /* Debug */,
				D6FED781195AC1C200AD10E0 /* Release */,
			);
			defaultConfigurationIsVisible = 0;
			defaultConfigurationName = Release;
		};
/* End XCConfigurationList section */
	};
	rootObject = D6FED742195AC1C100AD10E0 /* Project object */;
}
